// !$*UTF8*$!
{
	archiveVersion = 1;
	classes = {
	};
	objectVersion = 55;
	objects = {

/* Begin PBXBuildFile section */
		5697697429092A6700FB805B /* SnackOverFlowApp.swift in Sources */ = {isa = PBXBuildFile; fileRef = 5697697329092A6700FB805B /* SnackOverFlowApp.swift */; };
		5697697629092A6700FB805B /* ContentView.swift in Sources */ = {isa = PBXBuildFile; fileRef = 5697697529092A6700FB805B /* ContentView.swift */; };
		5697697829092A6700FB805B /* Assets.xcassets in Resources */ = {isa = PBXBuildFile; fileRef = 5697697729092A6700FB805B /* Assets.xcassets */; };
		5697697B29092A6700FB805B /* Preview Assets.xcassets in Resources */ = {isa = PBXBuildFile; fileRef = 5697697A29092A6700FB805B /* Preview Assets.xcassets */; };
		5697698729092B9B00FB805B /* WelcomeView.swift in Sources */ = {isa = PBXBuildFile; fileRef = 5697698629092B9B00FB805B /* WelcomeView.swift */; };
		5697698929092C7400FB805B /* Colors.xcassets in Resources */ = {isa = PBXBuildFile; fileRef = 5697698829092C7400FB805B /* Colors.xcassets */; };
		5697698B29092C9600FB805B /* Images.xcassets in Resources */ = {isa = PBXBuildFile; fileRef = 5697698A29092C9600FB805B /* Images.xcassets */; };
		5697698F29092DEF00FB805B /* Images.swift in Sources */ = {isa = PBXBuildFile; fileRef = 5697698E29092DEF00FB805B /* Images.swift */; };
		56976993290930AE00FB805B /* Colors.swift in Sources */ = {isa = PBXBuildFile; fileRef = 56976992290930AE00FB805B /* Colors.swift */; };
		569769962909311500FB805B /* Icons.swift in Sources */ = {isa = PBXBuildFile; fileRef = 569769952909311500FB805B /* Icons.swift */; };
		569769A02909368600FB805B /* FacebookButton.swift in Sources */ = {isa = PBXBuildFile; fileRef = 5697699F2909368600FB805B /* FacebookButton.swift */; };
		569769A32909376F00FB805B /* EdgeInsets.swift in Sources */ = {isa = PBXBuildFile; fileRef = 569769A22909376F00FB805B /* EdgeInsets.swift */; };
		56DCA8BB292507DE00BCBCE3 /* Localizable.strings in Resources */ = {isa = PBXBuildFile; fileRef = 56DCA8BD292507DE00BCBCE3 /* Localizable.strings */; };
		56DCA8BF2925090D00BCBCE3 /* LocaleKeys.swift in Sources */ = {isa = PBXBuildFile; fileRef = 56DCA8BE2925090D00BCBCE3 /* LocaleKeys.swift */; };
		56DCA8C129250AEE00BCBCE3 /* GoogleButton.swift in Sources */ = {isa = PBXBuildFile; fileRef = 56DCA8C029250AEE00BCBCE3 /* GoogleButton.swift */; };
		56DCA8C329250BD500BCBCE3 /* Custom+EdgeInsents.swift in Sources */ = {isa = PBXBuildFile; fileRef = 56DCA8C229250BD500BCBCE3 /* Custom+EdgeInsents.swift */; };
		56DCA8C529250C1800BCBCE3 /* PagePaddings.swift in Sources */ = {isa = PBXBuildFile; fileRef = 56DCA8C429250C1800BCBCE3 /* PagePaddings.swift */; };
		56DCA8C729250D3600BCBCE3 /* Radius.swift in Sources */ = {isa = PBXBuildFile; fileRef = 56DCA8C629250D3600BCBCE3 /* Radius.swift */; };
		56DCA8C929250DFE00BCBCE3 /* AppleButton.swift in Sources */ = {isa = PBXBuildFile; fileRef = 56DCA8C829250DFE00BCBCE3 /* AppleButton.swift */; };
		56DCA8CC29250F6400BCBCE3 /* ViewSize.swift in Sources */ = {isa = PBXBuildFile; fileRef = 56DCA8CB29250F6400BCBCE3 /* ViewSize.swift */; };
		56DCA8CF29250FA900BCBCE3 /* EmailButton.swift in Sources */ = {isa = PBXBuildFile; fileRef = 56DCA8CE29250FA900BCBCE3 /* EmailButton.swift */; };
		56DCA8D2292510AD00BCBCE3 /* FontSizes.swift in Sources */ = {isa = PBXBuildFile; fileRef = 56DCA8D1292510AD00BCBCE3 /* FontSizes.swift */; };
		56DCA8D42925132900BCBCE3 /* DynamicSize+GeometryProxy.swift in Sources */ = {isa = PBXBuildFile; fileRef = 56DCA8D32925132900BCBCE3 /* DynamicSize+GeometryProxy.swift */; };
		767411EFCD8771CFA760572E /* Pods_swiftui_learning.framework in Frameworks */ = {isa = PBXBuildFile; fileRef = 68D60BD23301ED337A770273 /* Pods_swiftui_learning.framework */; };
		9A13DA5D289A5F5F00170734 /* PropertyWrapperView.swift in Sources */ = {isa = PBXBuildFile; fileRef = 9A13DA5C289A5F5F00170734 /* PropertyWrapperView.swift */; };
		9A13DA5F289A5F9C00170734 /* UserWrapperModel.swift in Sources */ = {isa = PBXBuildFile; fileRef = 9A13DA5E289A5F9C00170734 /* UserWrapperModel.swift */; };
		9A13DA61289A5FEA00170734 /* UpperCaseWrapper.swift in Sources */ = {isa = PBXBuildFile; fileRef = 9A13DA60289A5FEA00170734 /* UpperCaseWrapper.swift */; };
		9A13DA63289A626300170734 /* NumberCaseWrapper.swift in Sources */ = {isa = PBXBuildFile; fileRef = 9A13DA62289A626300170734 /* NumberCaseWrapper.swift */; };
		9A13DA66289A787000170734 /* TimerView.swift in Sources */ = {isa = PBXBuildFile; fileRef = 9A13DA65289A787000170734 /* TimerView.swift */; };
		9A13DA68289A7C0700170734 /* Date+Format.swift in Sources */ = {isa = PBXBuildFile; fileRef = 9A13DA67289A7C0700170734 /* Date+Format.swift */; };
		9A13DA6A289A84A200170734 /* TextEditingView.swift in Sources */ = {isa = PBXBuildFile; fileRef = 9A13DA69289A84A200170734 /* TextEditingView.swift */; };
		9A13DA6C289A85A200170734 /* Step15View.swift in Sources */ = {isa = PBXBuildFile; fileRef = 9A13DA6B289A85A200170734 /* Step15View.swift */; };
		9A13DA6E289A85FE00170734 /* LabelView.swift in Sources */ = {isa = PBXBuildFile; fileRef = 9A13DA6D289A85FE00170734 /* LabelView.swift */; };
		9A13DA70289A87FD00170734 /* TabGestureView.swift in Sources */ = {isa = PBXBuildFile; fileRef = 9A13DA6F289A87FD00170734 /* TabGestureView.swift */; };
		9A13DA73289A92BA00170734 /* Localizable.strings in Resources */ = {isa = PBXBuildFile; fileRef = 9A13DA75289A92BA00170734 /* Localizable.strings */; };
		9A13DA79289A92EA00170734 /* WelcomeView.swift in Sources */ = {isa = PBXBuildFile; fileRef = 9A13DA78289A92EA00170734 /* WelcomeView.swift */; };
		9A13DA7B289A935900170734 /* ProjectLocalKeys.swift in Sources */ = {isa = PBXBuildFile; fileRef = 9A13DA7A289A935900170734 /* ProjectLocalKeys.swift */; };
		9A13DA80289A947200170734 /* HelloView.swift in Sources */ = {isa = PBXBuildFile; fileRef = 9A13DA7F289A947200170734 /* HelloView.swift */; };
		9A13DA82289A958100170734 /* View+Style.swift in Sources */ = {isa = PBXBuildFile; fileRef = 9A13DA81289A958100170734 /* View+Style.swift */; };
		9A1E14FC288E826200118B1D /* ListAndNavigation.swift in Sources */ = {isa = PBXBuildFile; fileRef = 9A1E14FB288E826200118B1D /* ListAndNavigation.swift */; };
		9A1E14FE288E829600118B1D /* LandmarkModel.swift in Sources */ = {isa = PBXBuildFile; fileRef = 9A1E14FD288E829600118B1D /* LandmarkModel.swift */; };
		9A1E1500288E857700118B1D /* ModelData.swift in Sources */ = {isa = PBXBuildFile; fileRef = 9A1E14FF288E857700118B1D /* ModelData.swift */; };
		9A1E1504288E85F300118B1D /* LanmarkRow.swift in Sources */ = {isa = PBXBuildFile; fileRef = 9A1E1503288E85F300118B1D /* LanmarkRow.swift */; };
		9A1E1509288E87CF00118B1D /* Step2View.swift in Sources */ = {isa = PBXBuildFile; fileRef = 9A1E1508288E87CF00118B1D /* Step2View.swift */; };
		9A1E150A288E8A6A00118B1D /* landmarkData.json in Resources */ = {isa = PBXBuildFile; fileRef = 9A1E1507288E868700118B1D /* landmarkData.json */; };
		9A1E1523288E8CAC00118B1D /* LandmarkList.swift in Sources */ = {isa = PBXBuildFile; fileRef = 9A1E1522288E8CAC00118B1D /* LandmarkList.swift */; };
		9A1E1525288EAE8C00118B1D /* LandmarkDetail.swift in Sources */ = {isa = PBXBuildFile; fileRef = 9A1E1524288EAE8C00118B1D /* LandmarkDetail.swift */; };
		9A1E1528288EBAC700118B1D /* CustomTabView.swift in Sources */ = {isa = PBXBuildFile; fileRef = 9A1E1527288EBAC700118B1D /* CustomTabView.swift */; };
		9A1E152B288EBB0A00118B1D /* VeliBacikView.swift in Sources */ = {isa = PBXBuildFile; fileRef = 9A1E152A288EBB0A00118B1D /* VeliBacikView.swift */; };
		9A2A040B283CBECD00148686 /* swiftui_learningApp.swift in Sources */ = {isa = PBXBuildFile; fileRef = 9A2A040A283CBECD00148686 /* swiftui_learningApp.swift */; };
		9A2A040D283CBECD00148686 /* ContentView.swift in Sources */ = {isa = PBXBuildFile; fileRef = 9A2A040C283CBECD00148686 /* ContentView.swift */; };
		9A2A040F283CBED000148686 /* Assets.xcassets in Resources */ = {isa = PBXBuildFile; fileRef = 9A2A040E283CBED000148686 /* Assets.xcassets */; };
		9A2A0412283CBED000148686 /* Preview Assets.xcassets in Resources */ = {isa = PBXBuildFile; fileRef = 9A2A0411283CBED000148686 /* Preview Assets.xcassets */; };
		9A2A041A283CFA9100148686 /* Kingfisher in Frameworks */ = {isa = PBXBuildFile; productRef = 9A2A0419283CFA9100148686 /* Kingfisher */; };
		9A2A041E283CFDCA00148686 /* CircleTextImage.swift in Sources */ = {isa = PBXBuildFile; fileRef = 9A2A041D283CFDCA00148686 /* CircleTextImage.swift */; };
		9A2A0421283D054200148686 /* SampleList.swift in Sources */ = {isa = PBXBuildFile; fileRef = 9A2A0420283D054200148686 /* SampleList.swift */; };
		9A33D05F28996662007C5DEA /* MarketDetailView.swift in Sources */ = {isa = PBXBuildFile; fileRef = 9A33D05E28996662007C5DEA /* MarketDetailView.swift */; };
		9A33D06228996685007C5DEA /* MarketDetailViewModel.swift in Sources */ = {isa = PBXBuildFile; fileRef = 9A33D06128996685007C5DEA /* MarketDetailViewModel.swift */; };
		9A33D0642899697E007C5DEA /* Navigation+View.swift in Sources */ = {isa = PBXBuildFile; fileRef = 9A33D0632899697E007C5DEA /* Navigation+View.swift */; };
		9A4E66812893D5B0003F27E7 /* EnviromentView.swift in Sources */ = {isa = PBXBuildFile; fileRef = 9A4E66802893D5B0003F27E7 /* EnviromentView.swift */; };
		9A4E66832893ED56003F27E7 /* Spacer+Constant.swift in Sources */ = {isa = PBXBuildFile; fileRef = 9A4E66822893ED56003F27E7 /* Spacer+Constant.swift */; };
		9A4E66852893F41A003F27E7 /* DateControlView.swift in Sources */ = {isa = PBXBuildFile; fileRef = 9A4E66842893F41A003F27E7 /* DateControlView.swift */; };
		9A4E66872893F67D003F27E7 /* DateTime+Constant.swift in Sources */ = {isa = PBXBuildFile; fileRef = 9A4E66862893F67D003F27E7 /* DateTime+Constant.swift */; };
		9A50836A283D1BC0006C0793 /* NavigationUsers.swift in Sources */ = {isa = PBXBuildFile; fileRef = 9A508369283D1BC0006C0793 /* NavigationUsers.swift */; };
		9A50836D283D1BD2006C0793 /* NavigationModel.swift in Sources */ = {isa = PBXBuildFile; fileRef = 9A50836C283D1BD2006C0793 /* NavigationModel.swift */; };
		9A50836F283D297D006C0793 /* UserViewDetail.swift in Sources */ = {isa = PBXBuildFile; fileRef = 9A50836E283D297C006C0793 /* UserViewDetail.swift */; };
		9AB43B282892AD620005F93A /* CustomTabbarIndex.swift in Sources */ = {isa = PBXBuildFile; fileRef = 9AB43B272892AD620005F93A /* CustomTabbarIndex.swift */; };
		9ABBF8BE2897EC6100789F8B /* User.swift in Sources */ = {isa = PBXBuildFile; fileRef = 9ABBF8BD2897EC6100789F8B /* User.swift */; };
		9ABBF8C02897EC9E00789F8B /* UserService.swift in Sources */ = {isa = PBXBuildFile; fileRef = 9ABBF8BF2897EC9E00789F8B /* UserService.swift */; };
		9ABBF8C42897EE7700789F8B /* Logging+AFError.swift in Sources */ = {isa = PBXBuildFile; fileRef = 9ABBF8C32897EE7700789F8B /* Logging+AFError.swift */; };
		9ABBF8C72897F04800789F8B /* Logging in Frameworks */ = {isa = PBXBuildFile; productRef = 9ABBF8C62897F04800789F8B /* Logging */; };
		9ABBF8C92897F24A00789F8B /* UserViewModel.swift in Sources */ = {isa = PBXBuildFile; fileRef = 9ABBF8C82897F24A00789F8B /* UserViewModel.swift */; };
		9ABBF8CD2897F35F00789F8B /* UserView.swift in Sources */ = {isa = PBXBuildFile; fileRef = 9ABBF8CC2897F35F00789F8B /* UserView.swift */; };
		9AD888F72899479B00DF0B90 /* MarketHomeView.swift in Sources */ = {isa = PBXBuildFile; fileRef = 9AD888F62899479B00DF0B90 /* MarketHomeView.swift */; };
		9AD888FC289947DC00DF0B90 /* MarketItem.swift in Sources */ = {isa = PBXBuildFile; fileRef = 9AD888FB289947DC00DF0B90 /* MarketItem.swift */; };
		9AD888FE289948DA00DF0B90 /* MarketViewModel.swift in Sources */ = {isa = PBXBuildFile; fileRef = 9AD888FD289948DA00DF0B90 /* MarketViewModel.swift */; };
		9AD8D0072889677A00DF2043 /* SampleViews.swift in Sources */ = {isa = PBXBuildFile; fileRef = 9AD8D0062889677A00DF2043 /* SampleViews.swift */; };
		9AD8D00A288969CC00DF2043 /* CustomizeViews.swift in Sources */ = {isa = PBXBuildFile; fileRef = 9AD8D009288969CC00DF2043 /* CustomizeViews.swift */; };
		9AD8D00C288969E000DF2043 /* AppleTutorials.swift in Sources */ = {isa = PBXBuildFile; fileRef = 9AD8D00B288969E000DF2043 /* AppleTutorials.swift */; };
		9AD8D00E2889730000DF2043 /* LabelledDivider.swift in Sources */ = {isa = PBXBuildFile; fileRef = 9AD8D00D2889730000DF2043 /* LabelledDivider.swift */; };
		9AD8D0112889886200DF2043 /* CircleImage.swift in Sources */ = {isa = PBXBuildFile; fileRef = 9AD8D0102889886200DF2043 /* CircleImage.swift */; };
		9AD8D01328898D2500DF2043 /* Mapview.swift in Sources */ = {isa = PBXBuildFile; fileRef = 9AD8D01228898D2500DF2043 /* Mapview.swift */; };
		9AD8D01528898E0F00DF2043 /* Step1View.swift in Sources */ = {isa = PBXBuildFile; fileRef = 9AD8D01428898E0F00DF2043 /* Step1View.swift */; };
		9ADEDB572897B7EC00CC5BF3 /* RandomFoxView.swift in Sources */ = {isa = PBXBuildFile; fileRef = 9ADEDB562897B7EC00CC5BF3 /* RandomFoxView.swift */; };
		9ADEDB5B2897BB0E00CC5BF3 /* FoxService.swift in Sources */ = {isa = PBXBuildFile; fileRef = 9ADEDB5A2897BB0E00CC5BF3 /* FoxService.swift */; };
		9ADEDB5E2897BB9E00CC5BF3 /* Alamofire in Frameworks */ = {isa = PBXBuildFile; productRef = 9ADEDB5D2897BB9E00CC5BF3 /* Alamofire */; };
		9ADEDB5F2897BD7E00CC5BF3 /* FoxModel.swift in Sources */ = {isa = PBXBuildFile; fileRef = 9ADEDB582897BA8D00CC5BF3 /* FoxModel.swift */; };
		9ADEDB612897BF3800CC5BF3 /* FoxViewModel.swift in Sources */ = {isa = PBXBuildFile; fileRef = 9ADEDB602897BF3800CC5BF3 /* FoxViewModel.swift */; };
		9ADEDB642897C2A000CC5BF3 /* ActivityIndicatorView in Frameworks */ = {isa = PBXBuildFile; productRef = 9ADEDB632897C2A000CC5BF3 /* ActivityIndicatorView */; };
/* End PBXBuildFile section */

/* Begin PBXFileReference section */
		5697697129092A6700FB805B /* SnackOverFlow.app */ = {isa = PBXFileReference; explicitFileType = wrapper.application; includeInIndex = 0; path = SnackOverFlow.app; sourceTree = BUILT_PRODUCTS_DIR; };
		5697697329092A6700FB805B /* SnackOverFlowApp.swift */ = {isa = PBXFileReference; lastKnownFileType = sourcecode.swift; path = SnackOverFlowApp.swift; sourceTree = "<group>"; };
		5697697529092A6700FB805B /* ContentView.swift */ = {isa = PBXFileReference; lastKnownFileType = sourcecode.swift; path = ContentView.swift; sourceTree = "<group>"; };
		5697697729092A6700FB805B /* Assets.xcassets */ = {isa = PBXFileReference; lastKnownFileType = folder.assetcatalog; path = Assets.xcassets; sourceTree = "<group>"; };
		5697697A29092A6700FB805B /* Preview Assets.xcassets */ = {isa = PBXFileReference; lastKnownFileType = folder.assetcatalog; path = "Preview Assets.xcassets"; sourceTree = "<group>"; };
		5697698629092B9B00FB805B /* WelcomeView.swift */ = {isa = PBXFileReference; lastKnownFileType = sourcecode.swift; path = WelcomeView.swift; sourceTree = "<group>"; };
		5697698829092C7400FB805B /* Colors.xcassets */ = {isa = PBXFileReference; lastKnownFileType = folder.assetcatalog; path = Colors.xcassets; sourceTree = "<group>"; };
		5697698A29092C9600FB805B /* Images.xcassets */ = {isa = PBXFileReference; lastKnownFileType = folder.assetcatalog; path = Images.xcassets; sourceTree = "<group>"; };
		5697698E29092DEF00FB805B /* Images.swift */ = {isa = PBXFileReference; lastKnownFileType = sourcecode.swift; path = Images.swift; sourceTree = "<group>"; };
		56976992290930AE00FB805B /* Colors.swift */ = {isa = PBXFileReference; lastKnownFileType = sourcecode.swift; path = Colors.swift; sourceTree = "<group>"; };
		569769952909311500FB805B /* Icons.swift */ = {isa = PBXFileReference; lastKnownFileType = sourcecode.swift; path = Icons.swift; sourceTree = "<group>"; };
		5697699F2909368600FB805B /* FacebookButton.swift */ = {isa = PBXFileReference; lastKnownFileType = sourcecode.swift; path = FacebookButton.swift; sourceTree = "<group>"; };
		569769A22909376F00FB805B /* EdgeInsets.swift */ = {isa = PBXFileReference; lastKnownFileType = sourcecode.swift; path = EdgeInsets.swift; sourceTree = "<group>"; };
		56DCA8BC292507DE00BCBCE3 /* en */ = {isa = PBXFileReference; lastKnownFileType = text.plist.strings; name = en; path = en.lproj/Localizable.strings; sourceTree = "<group>"; };
		56DCA8BE2925090D00BCBCE3 /* LocaleKeys.swift */ = {isa = PBXFileReference; lastKnownFileType = sourcecode.swift; path = LocaleKeys.swift; sourceTree = "<group>"; };
		56DCA8C029250AEE00BCBCE3 /* GoogleButton.swift */ = {isa = PBXFileReference; lastKnownFileType = sourcecode.swift; path = GoogleButton.swift; sourceTree = "<group>"; };
		56DCA8C229250BD500BCBCE3 /* Custom+EdgeInsents.swift */ = {isa = PBXFileReference; lastKnownFileType = sourcecode.swift; path = "Custom+EdgeInsents.swift"; sourceTree = "<group>"; };
		56DCA8C429250C1800BCBCE3 /* PagePaddings.swift */ = {isa = PBXFileReference; lastKnownFileType = sourcecode.swift; path = PagePaddings.swift; sourceTree = "<group>"; };
		56DCA8C629250D3600BCBCE3 /* Radius.swift */ = {isa = PBXFileReference; lastKnownFileType = sourcecode.swift; path = Radius.swift; sourceTree = "<group>"; };
		56DCA8C829250DFE00BCBCE3 /* AppleButton.swift */ = {isa = PBXFileReference; lastKnownFileType = sourcecode.swift; path = AppleButton.swift; sourceTree = "<group>"; };
		56DCA8CB29250F6400BCBCE3 /* ViewSize.swift */ = {isa = PBXFileReference; lastKnownFileType = sourcecode.swift; path = ViewSize.swift; sourceTree = "<group>"; };
		56DCA8CE29250FA900BCBCE3 /* EmailButton.swift */ = {isa = PBXFileReference; lastKnownFileType = sourcecode.swift; path = EmailButton.swift; sourceTree = "<group>"; };
		56DCA8D1292510AD00BCBCE3 /* FontSizes.swift */ = {isa = PBXFileReference; lastKnownFileType = sourcecode.swift; path = FontSizes.swift; sourceTree = "<group>"; };
		56DCA8D32925132900BCBCE3 /* DynamicSize+GeometryProxy.swift */ = {isa = PBXFileReference; lastKnownFileType = sourcecode.swift; path = "DynamicSize+GeometryProxy.swift"; sourceTree = "<group>"; };
		59955DA8A3A6210EFC84435F /* Pods-swiftui-learning.release.xcconfig */ = {isa = PBXFileReference; includeInIndex = 1; lastKnownFileType = text.xcconfig; name = "Pods-swiftui-learning.release.xcconfig"; path = "Target Support Files/Pods-swiftui-learning/Pods-swiftui-learning.release.xcconfig"; sourceTree = "<group>"; };
		68D60BD23301ED337A770273 /* Pods_swiftui_learning.framework */ = {isa = PBXFileReference; explicitFileType = wrapper.framework; includeInIndex = 0; path = Pods_swiftui_learning.framework; sourceTree = BUILT_PRODUCTS_DIR; };
		9A13DA5C289A5F5F00170734 /* PropertyWrapperView.swift */ = {isa = PBXFileReference; lastKnownFileType = sourcecode.swift; path = PropertyWrapperView.swift; sourceTree = "<group>"; };
		9A13DA5E289A5F9C00170734 /* UserWrapperModel.swift */ = {isa = PBXFileReference; lastKnownFileType = sourcecode.swift; path = UserWrapperModel.swift; sourceTree = "<group>"; };
		9A13DA60289A5FEA00170734 /* UpperCaseWrapper.swift */ = {isa = PBXFileReference; lastKnownFileType = sourcecode.swift; path = UpperCaseWrapper.swift; sourceTree = "<group>"; };
		9A13DA62289A626300170734 /* NumberCaseWrapper.swift */ = {isa = PBXFileReference; lastKnownFileType = sourcecode.swift; path = NumberCaseWrapper.swift; sourceTree = "<group>"; };
		9A13DA65289A787000170734 /* TimerView.swift */ = {isa = PBXFileReference; lastKnownFileType = sourcecode.swift; path = TimerView.swift; sourceTree = "<group>"; };
		9A13DA67289A7C0700170734 /* Date+Format.swift */ = {isa = PBXFileReference; lastKnownFileType = sourcecode.swift; path = "Date+Format.swift"; sourceTree = "<group>"; };
		9A13DA69289A84A200170734 /* TextEditingView.swift */ = {isa = PBXFileReference; lastKnownFileType = sourcecode.swift; path = TextEditingView.swift; sourceTree = "<group>"; };
		9A13DA6B289A85A200170734 /* Step15View.swift */ = {isa = PBXFileReference; lastKnownFileType = sourcecode.swift; path = Step15View.swift; sourceTree = "<group>"; };
		9A13DA6D289A85FE00170734 /* LabelView.swift */ = {isa = PBXFileReference; lastKnownFileType = sourcecode.swift; path = LabelView.swift; sourceTree = "<group>"; };
		9A13DA6F289A87FD00170734 /* TabGestureView.swift */ = {isa = PBXFileReference; lastKnownFileType = sourcecode.swift; path = TabGestureView.swift; sourceTree = "<group>"; };
		9A13DA74289A92BA00170734 /* tr */ = {isa = PBXFileReference; lastKnownFileType = text.plist.strings; name = tr; path = tr.lproj/Localizable.strings; sourceTree = "<group>"; };
		9A13DA76289A92C900170734 /* en */ = {isa = PBXFileReference; lastKnownFileType = text.plist.strings; name = en; path = en.lproj/Localizable.strings; sourceTree = "<group>"; };
		9A13DA78289A92EA00170734 /* WelcomeView.swift */ = {isa = PBXFileReference; lastKnownFileType = sourcecode.swift; path = WelcomeView.swift; sourceTree = "<group>"; };
		9A13DA7A289A935900170734 /* ProjectLocalKeys.swift */ = {isa = PBXFileReference; lastKnownFileType = sourcecode.swift; path = ProjectLocalKeys.swift; sourceTree = "<group>"; };
		9A13DA7F289A947200170734 /* HelloView.swift */ = {isa = PBXFileReference; lastKnownFileType = sourcecode.swift; path = HelloView.swift; sourceTree = "<group>"; };
		9A13DA81289A958100170734 /* View+Style.swift */ = {isa = PBXFileReference; lastKnownFileType = sourcecode.swift; path = "View+Style.swift"; sourceTree = "<group>"; };
		9A1E14FB288E826200118B1D /* ListAndNavigation.swift */ = {isa = PBXFileReference; lastKnownFileType = sourcecode.swift; path = ListAndNavigation.swift; sourceTree = "<group>"; };
		9A1E14FD288E829600118B1D /* LandmarkModel.swift */ = {isa = PBXFileReference; lastKnownFileType = sourcecode.swift; path = LandmarkModel.swift; sourceTree = "<group>"; };
		9A1E14FF288E857700118B1D /* ModelData.swift */ = {isa = PBXFileReference; lastKnownFileType = sourcecode.swift; path = ModelData.swift; sourceTree = "<group>"; };
		9A1E1503288E85F300118B1D /* LanmarkRow.swift */ = {isa = PBXFileReference; lastKnownFileType = sourcecode.swift; path = LanmarkRow.swift; sourceTree = "<group>"; };
		9A1E1507288E868700118B1D /* landmarkData.json */ = {isa = PBXFileReference; lastKnownFileType = text.json; path = landmarkData.json; sourceTree = "<group>"; };
		9A1E1508288E87CF00118B1D /* Step2View.swift */ = {isa = PBXFileReference; lastKnownFileType = sourcecode.swift; path = Step2View.swift; sourceTree = "<group>"; };
		9A1E1522288E8CAC00118B1D /* LandmarkList.swift */ = {isa = PBXFileReference; lastKnownFileType = sourcecode.swift; path = LandmarkList.swift; sourceTree = "<group>"; };
		9A1E1524288EAE8C00118B1D /* LandmarkDetail.swift */ = {isa = PBXFileReference; lastKnownFileType = sourcecode.swift; path = LandmarkDetail.swift; sourceTree = "<group>"; };
		9A1E1527288EBAC700118B1D /* CustomTabView.swift */ = {isa = PBXFileReference; lastKnownFileType = sourcecode.swift; path = CustomTabView.swift; sourceTree = "<group>"; };
		9A1E152A288EBB0A00118B1D /* VeliBacikView.swift */ = {isa = PBXFileReference; lastKnownFileType = sourcecode.swift; path = VeliBacikView.swift; sourceTree = "<group>"; };
		9A2A0407283CBECD00148686 /* swiftui-learning.app */ = {isa = PBXFileReference; explicitFileType = wrapper.application; includeInIndex = 0; path = "swiftui-learning.app"; sourceTree = BUILT_PRODUCTS_DIR; };
		9A2A040A283CBECD00148686 /* swiftui_learningApp.swift */ = {isa = PBXFileReference; lastKnownFileType = sourcecode.swift; path = swiftui_learningApp.swift; sourceTree = "<group>"; };
		9A2A040C283CBECD00148686 /* ContentView.swift */ = {isa = PBXFileReference; lastKnownFileType = sourcecode.swift; path = ContentView.swift; sourceTree = "<group>"; };
		9A2A040E283CBED000148686 /* Assets.xcassets */ = {isa = PBXFileReference; lastKnownFileType = folder.assetcatalog; path = Assets.xcassets; sourceTree = "<group>"; };
		9A2A0411283CBED000148686 /* Preview Assets.xcassets */ = {isa = PBXFileReference; lastKnownFileType = folder.assetcatalog; path = "Preview Assets.xcassets"; sourceTree = "<group>"; };
		9A2A041D283CFDCA00148686 /* CircleTextImage.swift */ = {isa = PBXFileReference; lastKnownFileType = sourcecode.swift; path = CircleTextImage.swift; sourceTree = "<group>"; };
		9A2A0420283D054200148686 /* SampleList.swift */ = {isa = PBXFileReference; lastKnownFileType = sourcecode.swift; path = SampleList.swift; sourceTree = "<group>"; };
		9A33D05E28996662007C5DEA /* MarketDetailView.swift */ = {isa = PBXFileReference; lastKnownFileType = sourcecode.swift; path = MarketDetailView.swift; sourceTree = "<group>"; };
		9A33D06128996685007C5DEA /* MarketDetailViewModel.swift */ = {isa = PBXFileReference; lastKnownFileType = sourcecode.swift; path = MarketDetailViewModel.swift; sourceTree = "<group>"; };
		9A33D0632899697E007C5DEA /* Navigation+View.swift */ = {isa = PBXFileReference; lastKnownFileType = sourcecode.swift; path = "Navigation+View.swift"; sourceTree = "<group>"; };
		9A4E66802893D5B0003F27E7 /* EnviromentView.swift */ = {isa = PBXFileReference; lastKnownFileType = sourcecode.swift; path = EnviromentView.swift; sourceTree = "<group>"; };
		9A4E66822893ED56003F27E7 /* Spacer+Constant.swift */ = {isa = PBXFileReference; lastKnownFileType = sourcecode.swift; path = "Spacer+Constant.swift"; sourceTree = "<group>"; };
		9A4E66842893F41A003F27E7 /* DateControlView.swift */ = {isa = PBXFileReference; lastKnownFileType = sourcecode.swift; path = DateControlView.swift; sourceTree = "<group>"; };
		9A4E66862893F67D003F27E7 /* DateTime+Constant.swift */ = {isa = PBXFileReference; lastKnownFileType = sourcecode.swift; path = "DateTime+Constant.swift"; sourceTree = "<group>"; };
		9A508369283D1BC0006C0793 /* NavigationUsers.swift */ = {isa = PBXFileReference; lastKnownFileType = sourcecode.swift; path = NavigationUsers.swift; sourceTree = "<group>"; };
		9A50836C283D1BD2006C0793 /* NavigationModel.swift */ = {isa = PBXFileReference; lastKnownFileType = sourcecode.swift; path = NavigationModel.swift; sourceTree = "<group>"; };
		9A50836E283D297C006C0793 /* UserViewDetail.swift */ = {isa = PBXFileReference; lastKnownFileType = sourcecode.swift; path = UserViewDetail.swift; sourceTree = "<group>"; };
		9AB43B272892AD620005F93A /* CustomTabbarIndex.swift */ = {isa = PBXFileReference; lastKnownFileType = sourcecode.swift; path = CustomTabbarIndex.swift; sourceTree = "<group>"; };
		9ABBF8BD2897EC6100789F8B /* User.swift */ = {isa = PBXFileReference; lastKnownFileType = sourcecode.swift; path = User.swift; sourceTree = "<group>"; };
		9ABBF8BF2897EC9E00789F8B /* UserService.swift */ = {isa = PBXFileReference; lastKnownFileType = sourcecode.swift; path = UserService.swift; sourceTree = "<group>"; };
		9ABBF8C32897EE7700789F8B /* Logging+AFError.swift */ = {isa = PBXFileReference; lastKnownFileType = sourcecode.swift; path = "Logging+AFError.swift"; sourceTree = "<group>"; };
		9ABBF8C82897F24A00789F8B /* UserViewModel.swift */ = {isa = PBXFileReference; lastKnownFileType = sourcecode.swift; path = UserViewModel.swift; sourceTree = "<group>"; };
		9ABBF8CC2897F35F00789F8B /* UserView.swift */ = {isa = PBXFileReference; lastKnownFileType = sourcecode.swift; path = UserView.swift; sourceTree = "<group>"; };
		9AD888F62899479B00DF0B90 /* MarketHomeView.swift */ = {isa = PBXFileReference; lastKnownFileType = sourcecode.swift; path = MarketHomeView.swift; sourceTree = "<group>"; };
		9AD888FB289947DC00DF0B90 /* MarketItem.swift */ = {isa = PBXFileReference; lastKnownFileType = sourcecode.swift; path = MarketItem.swift; sourceTree = "<group>"; };
		9AD888FD289948DA00DF0B90 /* MarketViewModel.swift */ = {isa = PBXFileReference; lastKnownFileType = sourcecode.swift; path = MarketViewModel.swift; sourceTree = "<group>"; };
		9AD8D0062889677A00DF2043 /* SampleViews.swift */ = {isa = PBXFileReference; lastKnownFileType = sourcecode.swift; path = SampleViews.swift; sourceTree = "<group>"; };
		9AD8D009288969CC00DF2043 /* CustomizeViews.swift */ = {isa = PBXFileReference; lastKnownFileType = sourcecode.swift; path = CustomizeViews.swift; sourceTree = "<group>"; };
		9AD8D00B288969E000DF2043 /* AppleTutorials.swift */ = {isa = PBXFileReference; lastKnownFileType = sourcecode.swift; path = AppleTutorials.swift; sourceTree = "<group>"; };
		9AD8D00D2889730000DF2043 /* LabelledDivider.swift */ = {isa = PBXFileReference; lastKnownFileType = sourcecode.swift; path = LabelledDivider.swift; sourceTree = "<group>"; };
		9AD8D0102889886200DF2043 /* CircleImage.swift */ = {isa = PBXFileReference; lastKnownFileType = sourcecode.swift; path = CircleImage.swift; sourceTree = "<group>"; };
		9AD8D01228898D2500DF2043 /* Mapview.swift */ = {isa = PBXFileReference; lastKnownFileType = sourcecode.swift; path = Mapview.swift; sourceTree = "<group>"; };
		9AD8D01428898E0F00DF2043 /* Step1View.swift */ = {isa = PBXFileReference; lastKnownFileType = sourcecode.swift; path = Step1View.swift; sourceTree = "<group>"; };
		9ADEDB562897B7EC00CC5BF3 /* RandomFoxView.swift */ = {isa = PBXFileReference; lastKnownFileType = sourcecode.swift; path = RandomFoxView.swift; sourceTree = "<group>"; };
		9ADEDB582897BA8D00CC5BF3 /* FoxModel.swift */ = {isa = PBXFileReference; lastKnownFileType = sourcecode.swift; path = FoxModel.swift; sourceTree = "<group>"; };
		9ADEDB5A2897BB0E00CC5BF3 /* FoxService.swift */ = {isa = PBXFileReference; lastKnownFileType = sourcecode.swift; path = FoxService.swift; sourceTree = "<group>"; };
		9ADEDB602897BF3800CC5BF3 /* FoxViewModel.swift */ = {isa = PBXFileReference; lastKnownFileType = sourcecode.swift; path = FoxViewModel.swift; sourceTree = "<group>"; };
		C7FB295F55644F5107E49099 /* Pods-swiftui-learning.debug.xcconfig */ = {isa = PBXFileReference; includeInIndex = 1; lastKnownFileType = text.xcconfig; name = "Pods-swiftui-learning.debug.xcconfig"; path = "Target Support Files/Pods-swiftui-learning/Pods-swiftui-learning.debug.xcconfig"; sourceTree = "<group>"; };
/* End PBXFileReference section */

/* Begin PBXFrameworksBuildPhase section */
		5697696E29092A6700FB805B /* Frameworks */ = {
			isa = PBXFrameworksBuildPhase;
			buildActionMask = 2147483647;
			files = (
			);
			runOnlyForDeploymentPostprocessing = 0;
		};
		9A2A0404283CBECD00148686 /* Frameworks */ = {
			isa = PBXFrameworksBuildPhase;
			buildActionMask = 2147483647;
			files = (
				9ADEDB5E2897BB9E00CC5BF3 /* Alamofire in Frameworks */,
				9A2A041A283CFA9100148686 /* Kingfisher in Frameworks */,
				9ADEDB642897C2A000CC5BF3 /* ActivityIndicatorView in Frameworks */,
				767411EFCD8771CFA760572E /* Pods_swiftui_learning.framework in Frameworks */,
				9ABBF8C72897F04800789F8B /* Logging in Frameworks */,
			);
			runOnlyForDeploymentPostprocessing = 0;
		};
/* End PBXFrameworksBuildPhase section */

/* Begin PBXGroup section */
		311ABCD68A190E70198873B4 /* Pods */ = {
			isa = PBXGroup;
			children = (
				C7FB295F55644F5107E49099 /* Pods-swiftui-learning.debug.xcconfig */,
				59955DA8A3A6210EFC84435F /* Pods-swiftui-learning.release.xcconfig */,
			);
			path = Pods;
			sourceTree = "<group>";
		};
		5697697229092A6700FB805B /* SnackOverFlow */ = {
			isa = PBXGroup;
			children = (
				5697698329092B4700FB805B /* Product */,
				5697698229092B2400FB805B /* Feature */,
				5697698129092B1600FB805B /* Resources */,
				5697697F29092AFF00FB805B /* Utils */,
				5697697329092A6700FB805B /* SnackOverFlowApp.swift */,
				5697697529092A6700FB805B /* ContentView.swift */,
				5697697929092A6700FB805B /* Preview Content */,
			);
			path = SnackOverFlow;
			sourceTree = "<group>";
		};
		5697697929092A6700FB805B /* Preview Content */ = {
			isa = PBXGroup;
			children = (
				5697697A29092A6700FB805B /* Preview Assets.xcassets */,
			);
			path = "Preview Content";
			sourceTree = "<group>";
		};
		5697697F29092AFF00FB805B /* Utils */ = {
			isa = PBXGroup;
			children = (
				56DCA8D02925109C00BCBCE3 /* Fonts */,
				56DCA8B8292507C000BCBCE3 /* Locale */,
				569769902909308F00FB805B /* Extension */,
				5697698D29092DDF00FB805B /* Enum */,
			);
			path = Utils;
			sourceTree = "<group>";
		};
		5697698129092B1600FB805B /* Resources */ = {
			isa = PBXGroup;
			children = (
				5697698C29092CA300FB805B /* Assets */,
			);
			path = Resources;
			sourceTree = "<group>";
		};
		5697698229092B2400FB805B /* Feature */ = {
			isa = PBXGroup;
			children = (
				5697698429092B5200FB805B /* Authentication */,
			);
			path = Feature;
			sourceTree = "<group>";
		};
		5697698329092B4700FB805B /* Product */ = {
			isa = PBXGroup;
			children = (
				5697699D2909366A00FB805B /* Widget */,
			);
			path = Product;
			sourceTree = "<group>";
		};
		5697698429092B5200FB805B /* Authentication */ = {
			isa = PBXGroup;
			children = (
				5697698529092B6E00FB805B /* Welcome */,
			);
			path = Authentication;
			sourceTree = "<group>";
		};
		5697698529092B6E00FB805B /* Welcome */ = {
			isa = PBXGroup;
			children = (
				5697698629092B9B00FB805B /* WelcomeView.swift */,
			);
			path = Welcome;
			sourceTree = "<group>";
		};
		5697698C29092CA300FB805B /* Assets */ = {
			isa = PBXGroup;
			children = (
				5697697729092A6700FB805B /* Assets.xcassets */,
				5697698829092C7400FB805B /* Colors.xcassets */,
				5697698A29092C9600FB805B /* Images.xcassets */,
			);
			path = Assets;
			sourceTree = "<group>";
		};
		5697698D29092DDF00FB805B /* Enum */ = {
			isa = PBXGroup;
			children = (
				56DCA8CA29250F5400BCBCE3 /* Size */,
				569769952909311500FB805B /* Icons.swift */,
				5697698E29092DEF00FB805B /* Images.swift */,
				56DCA8C429250C1800BCBCE3 /* PagePaddings.swift */,
				56DCA8C629250D3600BCBCE3 /* Radius.swift */,
			);
			path = Enum;
			sourceTree = "<group>";
		};
		569769902909308F00FB805B /* Extension */ = {
			isa = PBXGroup;
			children = (
				56976992290930AE00FB805B /* Colors.swift */,
				569769A22909376F00FB805B /* EdgeInsets.swift */,
				56DCA8C229250BD500BCBCE3 /* Custom+EdgeInsents.swift */,
				56DCA8D32925132900BCBCE3 /* DynamicSize+GeometryProxy.swift */,
			);
			path = Extension;
			sourceTree = "<group>";
		};
		5697699D2909366A00FB805B /* Widget */ = {
			isa = PBXGroup;
			children = (
				5697699E2909367700FB805B /* Button */,
			);
			path = Widget;
			sourceTree = "<group>";
		};
		5697699E2909367700FB805B /* Button */ = {
			isa = PBXGroup;
			children = (
				5697699F2909368600FB805B /* FacebookButton.swift */,
				56DCA8C029250AEE00BCBCE3 /* GoogleButton.swift */,
				56DCA8C829250DFE00BCBCE3 /* AppleButton.swift */,
				56DCA8CE29250FA900BCBCE3 /* EmailButton.swift */,
			);
			path = Button;
			sourceTree = "<group>";
		};
		56DCA8B8292507C000BCBCE3 /* Locale */ = {
			isa = PBXGroup;
			children = (
				56DCA8BD292507DE00BCBCE3 /* Localizable.strings */,
				56DCA8BE2925090D00BCBCE3 /* LocaleKeys.swift */,
			);
			path = Locale;
			sourceTree = "<group>";
		};
		56DCA8CA29250F5400BCBCE3 /* Size */ = {
			isa = PBXGroup;
			children = (
				56DCA8CB29250F6400BCBCE3 /* ViewSize.swift */,
			);
			path = Size;
			sourceTree = "<group>";
		};
		56DCA8D02925109C00BCBCE3 /* Fonts */ = {
			isa = PBXGroup;
			children = (
				56DCA8D1292510AD00BCBCE3 /* FontSizes.swift */,
			);
			path = Fonts;
			sourceTree = "<group>";
		};
		9A13DA5B289A5F1700170734 /* PropertyWrapper */ = {
			isa = PBXGroup;
			children = (
				9A13DA5C289A5F5F00170734 /* PropertyWrapperView.swift */,
				9A13DA5E289A5F9C00170734 /* UserWrapperModel.swift */,
				9A13DA60289A5FEA00170734 /* UpperCaseWrapper.swift */,
				9A13DA62289A626300170734 /* NumberCaseWrapper.swift */,
			);
			path = PropertyWrapper;
			sourceTree = "<group>";
		};
		9A13DA64289A783900170734 /* Step15 */ = {
			isa = PBXGroup;
			children = (
				9A13DA65289A787000170734 /* TimerView.swift */,
				9A13DA69289A84A200170734 /* TextEditingView.swift */,
				9A13DA6B289A85A200170734 /* Step15View.swift */,
				9A13DA6D289A85FE00170734 /* LabelView.swift */,
				9A13DA6F289A87FD00170734 /* TabGestureView.swift */,
			);
			path = Step15;
			sourceTree = "<group>";
		};
		9A13DA77289A92DD00170734 /* Localize */ = {
			isa = PBXGroup;
			children = (
				9A13DA78289A92EA00170734 /* WelcomeView.swift */,
				9A13DA7A289A935900170734 /* ProjectLocalKeys.swift */,
			);
			path = Localize;
			sourceTree = "<group>";
		};
		9A13DA7C289A93C700170734 /* ViewModifier */ = {
			isa = PBXGroup;
			children = (
				9A13DA7F289A947200170734 /* HelloView.swift */,
			);
			path = ViewModifier;
			sourceTree = "<group>";
		};
		9A16362D2899093C00B8135D /* Market */ = {
			isa = PBXGroup;
			children = (
				9AD888F52899476700DF0B90 /* HomeDetail */,
				9AD888F42899476200DF0B90 /* Home */,
			);
			path = Market;
			sourceTree = "<group>";
		};
		9A1E1505288E866A00118B1D /* Resources */ = {
			isa = PBXGroup;
			children = (
				9A1E1506288E867100118B1D /* AppleTutorial */,
			);
			path = Resources;
			sourceTree = "<group>";
		};
		9A1E1506288E867100118B1D /* AppleTutorial */ = {
			isa = PBXGroup;
			children = (
				9A1E1507288E868700118B1D /* landmarkData.json */,
			);
			path = AppleTutorial;
			sourceTree = "<group>";
		};
		9A1E1526288EBAB900118B1D /* CustomTabView */ = {
			isa = PBXGroup;
			children = (
				9A1E1527288EBAC700118B1D /* CustomTabView.swift */,
				9AB43B272892AD620005F93A /* CustomTabbarIndex.swift */,
			);
			path = CustomTabView;
			sourceTree = "<group>";
		};
		9A1E1529288EBAD100118B1D /* SampleList */ = {
			isa = PBXGroup;
			children = (
				9A2A0420283D054200148686 /* SampleList.swift */,
			);
			path = SampleList;
			sourceTree = "<group>";
		};
		9A2A03FE283CBECD00148686 = {
			isa = PBXGroup;
			children = (
				9A13DA75289A92BA00170734 /* Localizable.strings */,
				9A2A0409283CBECD00148686 /* swiftui-learning */,
				5697697229092A6700FB805B /* SnackOverFlow */,
				9A2A0408283CBECD00148686 /* Products */,
				311ABCD68A190E70198873B4 /* Pods */,
				B81C1C350CDD18A36CA96653 /* Frameworks */,
			);
			sourceTree = "<group>";
		};
		9A2A0408283CBECD00148686 /* Products */ = {
			isa = PBXGroup;
			children = (
				9A2A0407283CBECD00148686 /* swiftui-learning.app */,
				5697697129092A6700FB805B /* SnackOverFlow.app */,
			);
			name = Products;
			sourceTree = "<group>";
		};
		9A2A0409283CBECD00148686 /* swiftui-learning */ = {
			isa = PBXGroup;
			children = (
				9A1E1505288E866A00118B1D /* Resources */,
				9AD8D008288969AC00DF2043 /* AppleTutorial */,
				9A2A041F283D053500148686 /* VeliBacik */,
				9A2A041B283CFD7800148686 /* View */,
				9A2A040A283CBECD00148686 /* swiftui_learningApp.swift */,
				9A2A040C283CBECD00148686 /* ContentView.swift */,
				9A2A040E283CBED000148686 /* Assets.xcassets */,
				9A2A0410283CBED000148686 /* Preview Content */,
			);
			path = "swiftui-learning";
			sourceTree = "<group>";
		};
		9A2A0410283CBED000148686 /* Preview Content */ = {
			isa = PBXGroup;
			children = (
				9A2A0411283CBED000148686 /* Preview Assets.xcassets */,
			);
			path = "Preview Content";
			sourceTree = "<group>";
		};
		9A2A041B283CFD7800148686 /* View */ = {
			isa = PBXGroup;
			children = (
				9A2A041C283CFD7D00148686 /* Circle */,
				9AD8D0062889677A00DF2043 /* SampleViews.swift */,
				9AD8D00D2889730000DF2043 /* LabelledDivider.swift */,
			);
			path = View;
			sourceTree = "<group>";
		};
		9A2A041C283CFD7D00148686 /* Circle */ = {
			isa = PBXGroup;
			children = (
				9A2A041D283CFDCA00148686 /* CircleTextImage.swift */,
			);
			path = Circle;
			sourceTree = "<group>";
		};
		9A2A041F283D053500148686 /* VeliBacik */ = {
			isa = PBXGroup;
			children = (
				9A13DA7C289A93C700170734 /* ViewModifier */,
				9A13DA77289A92DD00170734 /* Localize */,
				9A13DA64289A783900170734 /* Step15 */,
				9A16362D2899093C00B8135D /* Market */,
				9ABBF8C12897EE5800789F8B /* Core */,
				9ABBF8B82897EBC700789F8B /* RegResView */,
				9A13DA5B289A5F1700170734 /* PropertyWrapper */,
				9ADEDB512897B67200CC5BF3 /* FoxViewModel */,
				9A4E667F2893D38C003F27E7 /* Environment */,
				9A1E1529288EBAD100118B1D /* SampleList */,
				9A1E1526288EBAB900118B1D /* CustomTabView */,
				9A508368283D1B9F006C0793 /* Navigation */,
				9A1E152A288EBB0A00118B1D /* VeliBacikView.swift */,
			);
			path = VeliBacik;
			sourceTree = "<group>";
		};
		9A4E667F2893D38C003F27E7 /* Environment */ = {
			isa = PBXGroup;
			children = (
				9A4E66802893D5B0003F27E7 /* EnviromentView.swift */,
				9A4E66842893F41A003F27E7 /* DateControlView.swift */,
				9A4E66822893ED56003F27E7 /* Spacer+Constant.swift */,
				9A4E66862893F67D003F27E7 /* DateTime+Constant.swift */,
			);
			path = Environment;
			sourceTree = "<group>";
		};
		9A508368283D1B9F006C0793 /* Navigation */ = {
			isa = PBXGroup;
			children = (
				9A508369283D1BC0006C0793 /* NavigationUsers.swift */,
				9A50836C283D1BD2006C0793 /* NavigationModel.swift */,
				9A50836E283D297C006C0793 /* UserViewDetail.swift */,
			);
			path = Navigation;
			sourceTree = "<group>";
		};
		9A9BC8D5288AA10900073B81 /* Step2 */ = {
			isa = PBXGroup;
			children = (
				9A1E14FB288E826200118B1D /* ListAndNavigation.swift */,
				9A1E14FD288E829600118B1D /* LandmarkModel.swift */,
				9A1E14FF288E857700118B1D /* ModelData.swift */,
				9A1E1503288E85F300118B1D /* LanmarkRow.swift */,
				9A1E1508288E87CF00118B1D /* Step2View.swift */,
				9A1E1522288E8CAC00118B1D /* LandmarkList.swift */,
				9A1E1524288EAE8C00118B1D /* LandmarkDetail.swift */,
			);
			path = Step2;
			sourceTree = "<group>";
		};
		9ABBF8B82897EBC700789F8B /* RegResView */ = {
			isa = PBXGroup;
			children = (
				9ABBF8BC2897EC1B00789F8B /* Service */,
				9ABBF8BB2897EC1200789F8B /* Model */,
				9ABBF8BA2897EBF600789F8B /* View */,
				9ABBF8B92897EBF300789F8B /* ViewModel */,
			);
			path = RegResView;
			sourceTree = "<group>";
		};
		9ABBF8B92897EBF300789F8B /* ViewModel */ = {
			isa = PBXGroup;
			children = (
				9ABBF8C82897F24A00789F8B /* UserViewModel.swift */,
			);
			path = ViewModel;
			sourceTree = "<group>";
		};
		9ABBF8BA2897EBF600789F8B /* View */ = {
			isa = PBXGroup;
			children = (
				9ABBF8CC2897F35F00789F8B /* UserView.swift */,
			);
			path = View;
			sourceTree = "<group>";
		};
		9ABBF8BB2897EC1200789F8B /* Model */ = {
			isa = PBXGroup;
			children = (
				9ABBF8BD2897EC6100789F8B /* User.swift */,
			);
			path = Model;
			sourceTree = "<group>";
		};
		9ABBF8BC2897EC1B00789F8B /* Service */ = {
			isa = PBXGroup;
			children = (
				9ABBF8BF2897EC9E00789F8B /* UserService.swift */,
			);
			path = Service;
			sourceTree = "<group>";
		};
		9ABBF8C12897EE5800789F8B /* Core */ = {
			isa = PBXGroup;
			children = (
				9ABBF8C22897EE5F00789F8B /* Extension */,
			);
			path = Core;
			sourceTree = "<group>";
		};
		9ABBF8C22897EE5F00789F8B /* Extension */ = {
			isa = PBXGroup;
			children = (
				9ABBF8C32897EE7700789F8B /* Logging+AFError.swift */,
				9A33D0632899697E007C5DEA /* Navigation+View.swift */,
				9A13DA67289A7C0700170734 /* Date+Format.swift */,
				9A13DA81289A958100170734 /* View+Style.swift */,
			);
			path = Extension;
			sourceTree = "<group>";
		};
		9AD888F42899476200DF0B90 /* Home */ = {
			isa = PBXGroup;
			children = (
				9AD888FA289947CE00DF0B90 /* View */,
				9AD888F9289947C800DF0B90 /* Model */,
				9AD888F8289947BB00DF0B90 /* ViewModel */,
			);
			path = Home;
			sourceTree = "<group>";
		};
		9AD888F52899476700DF0B90 /* HomeDetail */ = {
			isa = PBXGroup;
			children = (
				9A33D06128996685007C5DEA /* MarketDetailViewModel.swift */,
				9A33D05E28996662007C5DEA /* MarketDetailView.swift */,
			);
			path = HomeDetail;
			sourceTree = "<group>";
		};
		9AD888F8289947BB00DF0B90 /* ViewModel */ = {
			isa = PBXGroup;
			children = (
				9AD888FD289948DA00DF0B90 /* MarketViewModel.swift */,
			);
			path = ViewModel;
			sourceTree = "<group>";
		};
		9AD888F9289947C800DF0B90 /* Model */ = {
			isa = PBXGroup;
			children = (
				9AD888FB289947DC00DF0B90 /* MarketItem.swift */,
			);
			path = Model;
			sourceTree = "<group>";
		};
		9AD888FA289947CE00DF0B90 /* View */ = {
			isa = PBXGroup;
			children = (
				9AD888F62899479B00DF0B90 /* MarketHomeView.swift */,
			);
			path = View;
			sourceTree = "<group>";
		};
		9AD8D008288969AC00DF2043 /* AppleTutorial */ = {
			isa = PBXGroup;
			children = (
				9AD8D00F2889885200DF2043 /* Views */,
				9AD8D00B288969E000DF2043 /* AppleTutorials.swift */,
			);
			path = AppleTutorial;
			sourceTree = "<group>";
		};
		9AD8D00F2889885200DF2043 /* Views */ = {
			isa = PBXGroup;
			children = (
				9A9BC8D5288AA10900073B81 /* Step2 */,
				9AD8D0162889936A00DF2043 /* Step1 */,
			);
			path = Views;
			sourceTree = "<group>";
		};
		9AD8D0162889936A00DF2043 /* Step1 */ = {
			isa = PBXGroup;
			children = (
				9AD8D009288969CC00DF2043 /* CustomizeViews.swift */,
				9AD8D0102889886200DF2043 /* CircleImage.swift */,
				9AD8D01228898D2500DF2043 /* Mapview.swift */,
				9AD8D01428898E0F00DF2043 /* Step1View.swift */,
			);
			path = Step1;
			sourceTree = "<group>";
		};
		9ADEDB512897B67200CC5BF3 /* FoxViewModel */ = {
			isa = PBXGroup;
			children = (
				9ADEDB552897B7AB00CC5BF3 /* Model */,
				9ADEDB542897B79600CC5BF3 /* Service */,
				9ADEDB532897B78E00CC5BF3 /* ViewModel */,
				9ADEDB522897B77F00CC5BF3 /* View */,
			);
			path = FoxViewModel;
			sourceTree = "<group>";
		};
		9ADEDB522897B77F00CC5BF3 /* View */ = {
			isa = PBXGroup;
			children = (
				9ADEDB562897B7EC00CC5BF3 /* RandomFoxView.swift */,
			);
			path = View;
			sourceTree = "<group>";
		};
		9ADEDB532897B78E00CC5BF3 /* ViewModel */ = {
			isa = PBXGroup;
			children = (
				9ADEDB602897BF3800CC5BF3 /* FoxViewModel.swift */,
			);
			path = ViewModel;
			sourceTree = "<group>";
		};
		9ADEDB542897B79600CC5BF3 /* Service */ = {
			isa = PBXGroup;
			children = (
				9ADEDB5A2897BB0E00CC5BF3 /* FoxService.swift */,
			);
			path = Service;
			sourceTree = "<group>";
		};
		9ADEDB552897B7AB00CC5BF3 /* Model */ = {
			isa = PBXGroup;
			children = (
				9ADEDB582897BA8D00CC5BF3 /* FoxModel.swift */,
			);
			path = Model;
			sourceTree = "<group>";
		};
		B81C1C350CDD18A36CA96653 /* Frameworks */ = {
			isa = PBXGroup;
			children = (
				68D60BD23301ED337A770273 /* Pods_swiftui_learning.framework */,
			);
			name = Frameworks;
			sourceTree = "<group>";
		};
/* End PBXGroup section */

/* Begin PBXNativeTarget section */
		5697697029092A6700FB805B /* SnackOverFlow */ = {
			isa = PBXNativeTarget;
			buildConfigurationList = 5697697E29092A6700FB805B /* Build configuration list for PBXNativeTarget "SnackOverFlow" */;
			buildPhases = (
				5697696D29092A6700FB805B /* Sources */,
				5697696E29092A6700FB805B /* Frameworks */,
				5697696F29092A6700FB805B /* Resources */,
			);
			buildRules = (
			);
			dependencies = (
			);
			name = SnackOverFlow;
			productName = SnackOverFlow;
			productReference = 5697697129092A6700FB805B /* SnackOverFlow.app */;
			productType = "com.apple.product-type.application";
		};
		9A2A0406283CBECD00148686 /* swiftui-learning */ = {
			isa = PBXNativeTarget;
			buildConfigurationList = 9A2A0415283CBED000148686 /* Build configuration list for PBXNativeTarget "swiftui-learning" */;
			buildPhases = (
				9E6DF3F707F0007AE91BB50C /* [CP] Check Pods Manifest.lock */,
				9A2A0403283CBECD00148686 /* Sources */,
				9A2A0404283CBECD00148686 /* Frameworks */,
				9A2A0405283CBECD00148686 /* Resources */,
			);
			buildRules = (
			);
			dependencies = (
			);
			name = "swiftui-learning";
			packageProductDependencies = (
				9A2A0419283CFA9100148686 /* Kingfisher */,
				9ADEDB5D2897BB9E00CC5BF3 /* Alamofire */,
				9ADEDB632897C2A000CC5BF3 /* ActivityIndicatorView */,
				9ABBF8C62897F04800789F8B /* Logging */,
			);
			productName = "swiftui-learning";
			productReference = 9A2A0407283CBECD00148686 /* swiftui-learning.app */;
			productType = "com.apple.product-type.application";
		};
/* End PBXNativeTarget section */

/* Begin PBXProject section */
		9A2A03FF283CBECD00148686 /* Project object */ = {
			isa = PBXProject;
			attributes = {
				BuildIndependentTargetsInParallel = 1;
				LastSwiftUpdateCheck = 1400;
				LastUpgradeCheck = 1330;
				TargetAttributes = {
					5697697029092A6700FB805B = {
						CreatedOnToolsVersion = 14.0.1;
					};
					9A2A0406283CBECD00148686 = {
						CreatedOnToolsVersion = 13.3.1;
					};
				};
			};
			buildConfigurationList = 9A2A0402283CBECD00148686 /* Build configuration list for PBXProject "swiftui-learning" */;
			compatibilityVersion = "Xcode 13.0";
			developmentRegion = en;
			hasScannedForEncodings = 0;
			knownRegions = (
				en,
				Base,
				tr,
			);
			mainGroup = 9A2A03FE283CBECD00148686;
			packageReferences = (
				9A2A0418283CFA9100148686 /* XCRemoteSwiftPackageReference "Kingfisher" */,
				9ADEDB5C2897BB9E00CC5BF3 /* XCRemoteSwiftPackageReference "Alamofire" */,
				9ADEDB622897C2A000CC5BF3 /* XCRemoteSwiftPackageReference "ActivityIndicatorView" */,
				9ABBF8C52897F04800789F8B /* XCRemoteSwiftPackageReference "swift-log" */,
			);
			productRefGroup = 9A2A0408283CBECD00148686 /* Products */;
			projectDirPath = "";
			projectRoot = "";
			targets = (
				9A2A0406283CBECD00148686 /* swiftui-learning */,
				5697697029092A6700FB805B /* SnackOverFlow */,
			);
		};
/* End PBXProject section */

/* Begin PBXResourcesBuildPhase section */
		5697696F29092A6700FB805B /* Resources */ = {
			isa = PBXResourcesBuildPhase;
			buildActionMask = 2147483647;
			files = (
				56DCA8BB292507DE00BCBCE3 /* Localizable.strings in Resources */,
				5697698929092C7400FB805B /* Colors.xcassets in Resources */,
				5697698B29092C9600FB805B /* Images.xcassets in Resources */,
				5697697B29092A6700FB805B /* Preview Assets.xcassets in Resources */,
				5697697829092A6700FB805B /* Assets.xcassets in Resources */,
			);
			runOnlyForDeploymentPostprocessing = 0;
		};
		9A2A0405283CBECD00148686 /* Resources */ = {
			isa = PBXResourcesBuildPhase;
			buildActionMask = 2147483647;
			files = (
				9A2A0412283CBED000148686 /* Preview Assets.xcassets in Resources */,
				9A13DA73289A92BA00170734 /* Localizable.strings in Resources */,
				9A2A040F283CBED000148686 /* Assets.xcassets in Resources */,
				9A1E150A288E8A6A00118B1D /* landmarkData.json in Resources */,
			);
			runOnlyForDeploymentPostprocessing = 0;
		};
/* End PBXResourcesBuildPhase section */

/* Begin PBXShellScriptBuildPhase section */
		9E6DF3F707F0007AE91BB50C /* [CP] Check Pods Manifest.lock */ = {
			isa = PBXShellScriptBuildPhase;
			buildActionMask = 2147483647;
			files = (
			);
			inputFileListPaths = (
			);
			inputPaths = (
				"${PODS_PODFILE_DIR_PATH}/Podfile.lock",
				"${PODS_ROOT}/Manifest.lock",
			);
			name = "[CP] Check Pods Manifest.lock";
			outputFileListPaths = (
			);
			outputPaths = (
				"$(DERIVED_FILE_DIR)/Pods-swiftui-learning-checkManifestLockResult.txt",
			);
			runOnlyForDeploymentPostprocessing = 0;
			shellPath = /bin/sh;
			shellScript = "diff \"${PODS_PODFILE_DIR_PATH}/Podfile.lock\" \"${PODS_ROOT}/Manifest.lock\" > /dev/null\nif [ $? != 0 ] ; then\n    # print error to STDERR\n    echo \"error: The sandbox is not in sync with the Podfile.lock. Run 'pod install' or update your CocoaPods installation.\" >&2\n    exit 1\nfi\n# This output is used by Xcode 'outputs' to avoid re-running this script phase.\necho \"SUCCESS\" > \"${SCRIPT_OUTPUT_FILE_0}\"\n";
			showEnvVarsInLog = 0;
		};
/* End PBXShellScriptBuildPhase section */

/* Begin PBXSourcesBuildPhase section */
		5697696D29092A6700FB805B /* Sources */ = {
			isa = PBXSourcesBuildPhase;
			buildActionMask = 2147483647;
			files = (
				56DCA8CF29250FA900BCBCE3 /* EmailButton.swift in Sources */,
				56DCA8BF2925090D00BCBCE3 /* LocaleKeys.swift in Sources */,
				5697697629092A6700FB805B /* ContentView.swift in Sources */,
				56976993290930AE00FB805B /* Colors.swift in Sources */,
				569769962909311500FB805B /* Icons.swift in Sources */,
				56DCA8C129250AEE00BCBCE3 /* GoogleButton.swift in Sources */,
				569769A02909368600FB805B /* FacebookButton.swift in Sources */,
				56DCA8C929250DFE00BCBCE3 /* AppleButton.swift in Sources */,
				5697698F29092DEF00FB805B /* Images.swift in Sources */,
				56DCA8C729250D3600BCBCE3 /* Radius.swift in Sources */,
				56DCA8C329250BD500BCBCE3 /* Custom+EdgeInsents.swift in Sources */,
				56DCA8CC29250F6400BCBCE3 /* ViewSize.swift in Sources */,
				56DCA8D2292510AD00BCBCE3 /* FontSizes.swift in Sources */,
				56DCA8C529250C1800BCBCE3 /* PagePaddings.swift in Sources */,
				5697698729092B9B00FB805B /* WelcomeView.swift in Sources */,
				569769A32909376F00FB805B /* EdgeInsets.swift in Sources */,
				5697697429092A6700FB805B /* SnackOverFlowApp.swift in Sources */,
				56DCA8D42925132900BCBCE3 /* DynamicSize+GeometryProxy.swift in Sources */,
			);
			runOnlyForDeploymentPostprocessing = 0;
		};
		9A2A0403283CBECD00148686 /* Sources */ = {
			isa = PBXSourcesBuildPhase;
			buildActionMask = 2147483647;
			files = (
				9A1E1500288E857700118B1D /* ModelData.swift in Sources */,
				9AD888FC289947DC00DF0B90 /* MarketItem.swift in Sources */,
				9A2A040D283CBECD00148686 /* ContentView.swift in Sources */,
				9A50836A283D1BC0006C0793 /* NavigationUsers.swift in Sources */,
				9A2A0421283D054200148686 /* SampleList.swift in Sources */,
				9A13DA7B289A935900170734 /* ProjectLocalKeys.swift in Sources */,
				9A2A040B283CBECD00148686 /* swiftui_learningApp.swift in Sources */,
				9A13DA66289A787000170734 /* TimerView.swift in Sources */,
				9AD8D00C288969E000DF2043 /* AppleTutorials.swift in Sources */,
				9ABBF8C02897EC9E00789F8B /* UserService.swift in Sources */,
				9A13DA6E289A85FE00170734 /* LabelView.swift in Sources */,
				9ABBF8C42897EE7700789F8B /* Logging+AFError.swift in Sources */,
				9A33D0642899697E007C5DEA /* Navigation+View.swift in Sources */,
				9ADEDB612897BF3800CC5BF3 /* FoxViewModel.swift in Sources */,
				9AD8D0112889886200DF2043 /* CircleImage.swift in Sources */,
				9A1E1528288EBAC700118B1D /* CustomTabView.swift in Sources */,
				9A4E66872893F67D003F27E7 /* DateTime+Constant.swift in Sources */,
				9AD8D00E2889730000DF2043 /* LabelledDivider.swift in Sources */,
				9AD8D01528898E0F00DF2043 /* Step1View.swift in Sources */,
				9A1E1504288E85F300118B1D /* LanmarkRow.swift in Sources */,
				9AD888FE289948DA00DF0B90 /* MarketViewModel.swift in Sources */,
				9A4E66852893F41A003F27E7 /* DateControlView.swift in Sources */,
				9A4E66812893D5B0003F27E7 /* EnviromentView.swift in Sources */,
				9AD8D0072889677A00DF2043 /* SampleViews.swift in Sources */,
				9ABBF8CD2897F35F00789F8B /* UserView.swift in Sources */,
				9A13DA5F289A5F9C00170734 /* UserWrapperModel.swift in Sources */,
				9A1E1509288E87CF00118B1D /* Step2View.swift in Sources */,
				9A33D05F28996662007C5DEA /* MarketDetailView.swift in Sources */,
				9A1E14FE288E829600118B1D /* LandmarkModel.swift in Sources */,
				9A1E1525288EAE8C00118B1D /* LandmarkDetail.swift in Sources */,
				9A2A041E283CFDCA00148686 /* CircleTextImage.swift in Sources */,
				9ADEDB5F2897BD7E00CC5BF3 /* FoxModel.swift in Sources */,
				9A13DA79289A92EA00170734 /* WelcomeView.swift in Sources */,
				9A13DA80289A947200170734 /* HelloView.swift in Sources */,
				9A13DA68289A7C0700170734 /* Date+Format.swift in Sources */,
				9AD8D00A288969CC00DF2043 /* CustomizeViews.swift in Sources */,
				9A13DA5D289A5F5F00170734 /* PropertyWrapperView.swift in Sources */,
				9A13DA6C289A85A200170734 /* Step15View.swift in Sources */,
				9ADEDB572897B7EC00CC5BF3 /* RandomFoxView.swift in Sources */,
				9A33D06228996685007C5DEA /* MarketDetailViewModel.swift in Sources */,
				9ABBF8C92897F24A00789F8B /* UserViewModel.swift in Sources */,
				9AB43B282892AD620005F93A /* CustomTabbarIndex.swift in Sources */,
				9A1E152B288EBB0A00118B1D /* VeliBacikView.swift in Sources */,
				9A1E14FC288E826200118B1D /* ListAndNavigation.swift in Sources */,
				9A13DA82289A958100170734 /* View+Style.swift in Sources */,
				9A13DA70289A87FD00170734 /* TabGestureView.swift in Sources */,
				9A4E66832893ED56003F27E7 /* Spacer+Constant.swift in Sources */,
				9ADEDB5B2897BB0E00CC5BF3 /* FoxService.swift in Sources */,
				9A50836F283D297D006C0793 /* UserViewDetail.swift in Sources */,
				9AD8D01328898D2500DF2043 /* Mapview.swift in Sources */,
				9A50836D283D1BD2006C0793 /* NavigationModel.swift in Sources */,
				9A13DA6A289A84A200170734 /* TextEditingView.swift in Sources */,
				9A13DA61289A5FEA00170734 /* UpperCaseWrapper.swift in Sources */,
				9AD888F72899479B00DF0B90 /* MarketHomeView.swift in Sources */,
				9A13DA63289A626300170734 /* NumberCaseWrapper.swift in Sources */,
				9A1E1523288E8CAC00118B1D /* LandmarkList.swift in Sources */,
				9ABBF8BE2897EC6100789F8B /* User.swift in Sources */,
			);
			runOnlyForDeploymentPostprocessing = 0;
		};
/* End PBXSourcesBuildPhase section */

/* Begin PBXVariantGroup section */
		56DCA8BD292507DE00BCBCE3 /* Localizable.strings */ = {
			isa = PBXVariantGroup;
			children = (
				56DCA8BC292507DE00BCBCE3 /* en */,
			);
			name = Localizable.strings;
			sourceTree = "<group>";
		};
		9A13DA75289A92BA00170734 /* Localizable.strings */ = {
			isa = PBXVariantGroup;
			children = (
				9A13DA74289A92BA00170734 /* tr */,
				9A13DA76289A92C900170734 /* en */,
			);
			name = Localizable.strings;
			sourceTree = "<group>";
		};
/* End PBXVariantGroup section */

/* Begin XCBuildConfiguration section */
		5697697C29092A6700FB805B /* Debug */ = {
			isa = XCBuildConfiguration;
			buildSettings = {
				ASSETCATALOG_COMPILER_APPICON_NAME = AppIcon;
				ASSETCATALOG_COMPILER_GLOBAL_ACCENT_COLOR_NAME = AccentColor;
				CLANG_CXX_LANGUAGE_STANDARD = "gnu++20";
				CODE_SIGN_STYLE = Automatic;
				CURRENT_PROJECT_VERSION = 1;
				DEVELOPMENT_ASSET_PATHS = "\"SnackOverFlow/Preview Content\"";
				DEVELOPMENT_TEAM = VYQ6XF4N2Q;
				ENABLE_PREVIEWS = YES;
				GENERATE_INFOPLIST_FILE = YES;
				INFOPLIST_KEY_UIApplicationSceneManifest_Generation = YES;
				INFOPLIST_KEY_UIApplicationSupportsIndirectInputEvents = YES;
				INFOPLIST_KEY_UILaunchScreen_Generation = YES;
				INFOPLIST_KEY_UISupportedInterfaceOrientations_iPad = "UIInterfaceOrientationPortrait UIInterfaceOrientationPortraitUpsideDown UIInterfaceOrientationLandscapeLeft UIInterfaceOrientationLandscapeRight";
				INFOPLIST_KEY_UISupportedInterfaceOrientations_iPhone = "UIInterfaceOrientationPortrait UIInterfaceOrientationLandscapeLeft UIInterfaceOrientationLandscapeRight";
				IPHONEOS_DEPLOYMENT_TARGET = 16.0;
				LD_RUNPATH_SEARCH_PATHS = (
					"$(inherited)",
					"@executable_path/Frameworks",
				);
				MARKETING_VERSION = 1.0;
				PRODUCT_BUNDLE_IDENTIFIER = com.tugrulhan.SnackOverFlow;
				PRODUCT_NAME = "$(TARGET_NAME)";
				SWIFT_EMIT_LOC_STRINGS = YES;
				SWIFT_VERSION = 5.0;
				TARGETED_DEVICE_FAMILY = "1,2";
			};
			name = Debug;
		};
		5697697D29092A6700FB805B /* Release */ = {
			isa = XCBuildConfiguration;
			buildSettings = {
				ASSETCATALOG_COMPILER_APPICON_NAME = AppIcon;
				ASSETCATALOG_COMPILER_GLOBAL_ACCENT_COLOR_NAME = AccentColor;
				CLANG_CXX_LANGUAGE_STANDARD = "gnu++20";
				CODE_SIGN_STYLE = Automatic;
				CURRENT_PROJECT_VERSION = 1;
				DEVELOPMENT_ASSET_PATHS = "\"SnackOverFlow/Preview Content\"";
				DEVELOPMENT_TEAM = VYQ6XF4N2Q;
				ENABLE_PREVIEWS = YES;
				GENERATE_INFOPLIST_FILE = YES;
				INFOPLIST_KEY_UIApplicationSceneManifest_Generation = YES;
				INFOPLIST_KEY_UIApplicationSupportsIndirectInputEvents = YES;
				INFOPLIST_KEY_UILaunchScreen_Generation = YES;
				INFOPLIST_KEY_UISupportedInterfaceOrientations_iPad = "UIInterfaceOrientationPortrait UIInterfaceOrientationPortraitUpsideDown UIInterfaceOrientationLandscapeLeft UIInterfaceOrientationLandscapeRight";
				INFOPLIST_KEY_UISupportedInterfaceOrientations_iPhone = "UIInterfaceOrientationPortrait UIInterfaceOrientationLandscapeLeft UIInterfaceOrientationLandscapeRight";
				IPHONEOS_DEPLOYMENT_TARGET = 16.0;
				LD_RUNPATH_SEARCH_PATHS = (
					"$(inherited)",
					"@executable_path/Frameworks",
				);
				MARKETING_VERSION = 1.0;
				PRODUCT_BUNDLE_IDENTIFIER = com.tugrulhan.SnackOverFlow;
				PRODUCT_NAME = "$(TARGET_NAME)";
				SWIFT_EMIT_LOC_STRINGS = YES;
				SWIFT_VERSION = 5.0;
				TARGETED_DEVICE_FAMILY = "1,2";
			};
			name = Release;
		};
		9A2A0413283CBED000148686 /* Debug */ = {
			isa = XCBuildConfiguration;
			buildSettings = {
				ALWAYS_SEARCH_USER_PATHS = NO;
				CLANG_ANALYZER_NONNULL = YES;
				CLANG_ANALYZER_NUMBER_OBJECT_CONVERSION = YES_AGGRESSIVE;
				CLANG_CXX_LANGUAGE_STANDARD = "gnu++17";
				CLANG_ENABLE_MODULES = YES;
				CLANG_ENABLE_OBJC_ARC = YES;
				CLANG_ENABLE_OBJC_WEAK = YES;
				CLANG_WARN_BLOCK_CAPTURE_AUTORELEASING = YES;
				CLANG_WARN_BOOL_CONVERSION = YES;
				CLANG_WARN_COMMA = YES;
				CLANG_WARN_CONSTANT_CONVERSION = YES;
				CLANG_WARN_DEPRECATED_OBJC_IMPLEMENTATIONS = YES;
				CLANG_WARN_DIRECT_OBJC_ISA_USAGE = YES_ERROR;
				CLANG_WARN_DOCUMENTATION_COMMENTS = YES;
				CLANG_WARN_EMPTY_BODY = YES;
				CLANG_WARN_ENUM_CONVERSION = YES;
				CLANG_WARN_INFINITE_RECURSION = YES;
				CLANG_WARN_INT_CONVERSION = YES;
				CLANG_WARN_NON_LITERAL_NULL_CONVERSION = YES;
				CLANG_WARN_OBJC_IMPLICIT_RETAIN_SELF = YES;
				CLANG_WARN_OBJC_LITERAL_CONVERSION = YES;
				CLANG_WARN_OBJC_ROOT_CLASS = YES_ERROR;
				CLANG_WARN_QUOTED_INCLUDE_IN_FRAMEWORK_HEADER = YES;
				CLANG_WARN_RANGE_LOOP_ANALYSIS = YES;
				CLANG_WARN_STRICT_PROTOTYPES = YES;
				CLANG_WARN_SUSPICIOUS_MOVE = YES;
				CLANG_WARN_UNGUARDED_AVAILABILITY = YES_AGGRESSIVE;
				CLANG_WARN_UNREACHABLE_CODE = YES;
				CLANG_WARN__DUPLICATE_METHOD_MATCH = YES;
				COPY_PHASE_STRIP = NO;
				DEBUG_INFORMATION_FORMAT = dwarf;
				ENABLE_STRICT_OBJC_MSGSEND = YES;
				ENABLE_TESTABILITY = YES;
				GCC_C_LANGUAGE_STANDARD = gnu11;
				GCC_DYNAMIC_NO_PIC = NO;
				GCC_NO_COMMON_BLOCKS = YES;
				GCC_OPTIMIZATION_LEVEL = 0;
				GCC_PREPROCESSOR_DEFINITIONS = (
					"DEBUG=1",
					"$(inherited)",
				);
				GCC_WARN_64_TO_32_BIT_CONVERSION = YES;
				GCC_WARN_ABOUT_RETURN_TYPE = YES_ERROR;
				GCC_WARN_UNDECLARED_SELECTOR = YES;
				GCC_WARN_UNINITIALIZED_AUTOS = YES_AGGRESSIVE;
				GCC_WARN_UNUSED_FUNCTION = YES;
				GCC_WARN_UNUSED_VARIABLE = YES;
				IPHONEOS_DEPLOYMENT_TARGET = 15.4;
				MTL_ENABLE_DEBUG_INFO = INCLUDE_SOURCE;
				MTL_FAST_MATH = YES;
				ONLY_ACTIVE_ARCH = YES;
				SDKROOT = iphoneos;
				SWIFT_ACTIVE_COMPILATION_CONDITIONS = DEBUG;
				SWIFT_OPTIMIZATION_LEVEL = "-Onone";
			};
			name = Debug;
		};
		9A2A0414283CBED000148686 /* Release */ = {
			isa = XCBuildConfiguration;
			buildSettings = {
				ALWAYS_SEARCH_USER_PATHS = NO;
				CLANG_ANALYZER_NONNULL = YES;
				CLANG_ANALYZER_NUMBER_OBJECT_CONVERSION = YES_AGGRESSIVE;
				CLANG_CXX_LANGUAGE_STANDARD = "gnu++17";
				CLANG_ENABLE_MODULES = YES;
				CLANG_ENABLE_OBJC_ARC = YES;
				CLANG_ENABLE_OBJC_WEAK = YES;
				CLANG_WARN_BLOCK_CAPTURE_AUTORELEASING = YES;
				CLANG_WARN_BOOL_CONVERSION = YES;
				CLANG_WARN_COMMA = YES;
				CLANG_WARN_CONSTANT_CONVERSION = YES;
				CLANG_WARN_DEPRECATED_OBJC_IMPLEMENTATIONS = YES;
				CLANG_WARN_DIRECT_OBJC_ISA_USAGE = YES_ERROR;
				CLANG_WARN_DOCUMENTATION_COMMENTS = YES;
				CLANG_WARN_EMPTY_BODY = YES;
				CLANG_WARN_ENUM_CONVERSION = YES;
				CLANG_WARN_INFINITE_RECURSION = YES;
				CLANG_WARN_INT_CONVERSION = YES;
				CLANG_WARN_NON_LITERAL_NULL_CONVERSION = YES;
				CLANG_WARN_OBJC_IMPLICIT_RETAIN_SELF = YES;
				CLANG_WARN_OBJC_LITERAL_CONVERSION = YES;
				CLANG_WARN_OBJC_ROOT_CLASS = YES_ERROR;
				CLANG_WARN_QUOTED_INCLUDE_IN_FRAMEWORK_HEADER = YES;
				CLANG_WARN_RANGE_LOOP_ANALYSIS = YES;
				CLANG_WARN_STRICT_PROTOTYPES = YES;
				CLANG_WARN_SUSPICIOUS_MOVE = YES;
				CLANG_WARN_UNGUARDED_AVAILABILITY = YES_AGGRESSIVE;
				CLANG_WARN_UNREACHABLE_CODE = YES;
				CLANG_WARN__DUPLICATE_METHOD_MATCH = YES;
				COPY_PHASE_STRIP = NO;
				DEBUG_INFORMATION_FORMAT = "dwarf-with-dsym";
				ENABLE_NS_ASSERTIONS = NO;
				ENABLE_STRICT_OBJC_MSGSEND = YES;
				GCC_C_LANGUAGE_STANDARD = gnu11;
				GCC_NO_COMMON_BLOCKS = YES;
				GCC_WARN_64_TO_32_BIT_CONVERSION = YES;
				GCC_WARN_ABOUT_RETURN_TYPE = YES_ERROR;
				GCC_WARN_UNDECLARED_SELECTOR = YES;
				GCC_WARN_UNINITIALIZED_AUTOS = YES_AGGRESSIVE;
				GCC_WARN_UNUSED_FUNCTION = YES;
				GCC_WARN_UNUSED_VARIABLE = YES;
				IPHONEOS_DEPLOYMENT_TARGET = 15.4;
				MTL_ENABLE_DEBUG_INFO = NO;
				MTL_FAST_MATH = YES;
				SDKROOT = iphoneos;
				SWIFT_COMPILATION_MODE = wholemodule;
				SWIFT_OPTIMIZATION_LEVEL = "-O";
				VALIDATE_PRODUCT = YES;
			};
			name = Release;
		};
		9A2A0416283CBED000148686 /* Debug */ = {
			isa = XCBuildConfiguration;
			baseConfigurationReference = C7FB295F55644F5107E49099 /* Pods-swiftui-learning.debug.xcconfig */;
			buildSettings = {
				ASSETCATALOG_COMPILER_APPICON_NAME = AppIcon;
				ASSETCATALOG_COMPILER_GLOBAL_ACCENT_COLOR_NAME = AccentColor;
				CODE_SIGN_STYLE = Automatic;
				CURRENT_PROJECT_VERSION = 1;
				DEVELOPMENT_ASSET_PATHS = "\"swiftui-learning/Preview Content\"";
				ENABLE_PREVIEWS = YES;
				GENERATE_INFOPLIST_FILE = YES;
				INFOPLIST_KEY_UIApplicationSceneManifest_Generation = YES;
				INFOPLIST_KEY_UIApplicationSupportsIndirectInputEvents = YES;
				INFOPLIST_KEY_UILaunchScreen_Generation = YES;
				INFOPLIST_KEY_UISupportedInterfaceOrientations_iPad = "UIInterfaceOrientationPortrait UIInterfaceOrientationPortraitUpsideDown UIInterfaceOrientationLandscapeLeft UIInterfaceOrientationLandscapeRight";
				INFOPLIST_KEY_UISupportedInterfaceOrientations_iPhone = "UIInterfaceOrientationPortrait UIInterfaceOrientationLandscapeLeft UIInterfaceOrientationLandscapeRight";
				LD_RUNPATH_SEARCH_PATHS = (
					"$(inherited)",
					"@executable_path/Frameworks",
				);
				MARKETING_VERSION = 1.0;
				PRODUCT_BUNDLE_IDENTIFIER = "com.tugrulhan.swiftui-learning";
				PRODUCT_NAME = "$(TARGET_NAME)";
				SWIFT_EMIT_LOC_STRINGS = YES;
				SWIFT_VERSION = 5.0;
				TARGETED_DEVICE_FAMILY = "1,2";
			};
			name = Debug;
		};
		9A2A0417283CBED000148686 /* Release */ = {
			isa = XCBuildConfiguration;
			baseConfigurationReference = 59955DA8A3A6210EFC84435F /* Pods-swiftui-learning.release.xcconfig */;
			buildSettings = {
				ASSETCATALOG_COMPILER_APPICON_NAME = AppIcon;
				ASSETCATALOG_COMPILER_GLOBAL_ACCENT_COLOR_NAME = AccentColor;
				CODE_SIGN_STYLE = Automatic;
				CURRENT_PROJECT_VERSION = 1;
				DEVELOPMENT_ASSET_PATHS = "\"swiftui-learning/Preview Content\"";
				ENABLE_PREVIEWS = YES;
				GENERATE_INFOPLIST_FILE = YES;
				INFOPLIST_KEY_UIApplicationSceneManifest_Generation = YES;
				INFOPLIST_KEY_UIApplicationSupportsIndirectInputEvents = YES;
				INFOPLIST_KEY_UILaunchScreen_Generation = YES;
				INFOPLIST_KEY_UISupportedInterfaceOrientations_iPad = "UIInterfaceOrientationPortrait UIInterfaceOrientationPortraitUpsideDown UIInterfaceOrientationLandscapeLeft UIInterfaceOrientationLandscapeRight";
				INFOPLIST_KEY_UISupportedInterfaceOrientations_iPhone = "UIInterfaceOrientationPortrait UIInterfaceOrientationLandscapeLeft UIInterfaceOrientationLandscapeRight";
				LD_RUNPATH_SEARCH_PATHS = (
					"$(inherited)",
					"@executable_path/Frameworks",
				);
				MARKETING_VERSION = 1.0;
				PRODUCT_BUNDLE_IDENTIFIER = "com.tugrulhan.swiftui-learning";
				PRODUCT_NAME = "$(TARGET_NAME)";
				SWIFT_EMIT_LOC_STRINGS = YES;
				SWIFT_VERSION = 5.0;
				TARGETED_DEVICE_FAMILY = "1,2";
			};
			name = Release;
		};
/* End XCBuildConfiguration section */

/* Begin XCConfigurationList section */
		5697697E29092A6700FB805B /* Build configuration list for PBXNativeTarget "SnackOverFlow" */ = {
			isa = XCConfigurationList;
			buildConfigurations = (
				5697697C29092A6700FB805B /* Debug */,
				5697697D29092A6700FB805B /* Release */,
			);
			defaultConfigurationIsVisible = 0;
			defaultConfigurationName = Release;
		};
		9A2A0402283CBECD00148686 /* Build configuration list for PBXProject "swiftui-learning" */ = {
			isa = XCConfigurationList;
			buildConfigurations = (
				9A2A0413283CBED000148686 /* Debug */,
				9A2A0414283CBED000148686 /* Release */,
			);
			defaultConfigurationIsVisible = 0;
			defaultConfigurationName = Release;
		};
		9A2A0415283CBED000148686 /* Build configuration list for PBXNativeTarget "swiftui-learning" */ = {
			isa = XCConfigurationList;
			buildConfigurations = (
				9A2A0416283CBED000148686 /* Debug */,
				9A2A0417283CBED000148686 /* Release */,
			);
			defaultConfigurationIsVisible = 0;
			defaultConfigurationName = Release;
		};
/* End XCConfigurationList section */

/* Begin XCRemoteSwiftPackageReference section */
		9A2A0418283CFA9100148686 /* XCRemoteSwiftPackageReference "Kingfisher" */ = {
			isa = XCRemoteSwiftPackageReference;
			repositoryURL = "https://github.com/onevcat/Kingfisher.git";
			requirement = {
				kind = upToNextMajorVersion;
				minimumVersion = 7.0.0;
			};
		};
		9ABBF8C52897F04800789F8B /* XCRemoteSwiftPackageReference "swift-log" */ = {
			isa = XCRemoteSwiftPackageReference;
			repositoryURL = "https://github.com/apple/swift-log";
			requirement = {
				kind = upToNextMajorVersion;
				minimumVersion = 1.0.0;
			};
		};
		9ADEDB5C2897BB9E00CC5BF3 /* XCRemoteSwiftPackageReference "Alamofire" */ = {
			isa = XCRemoteSwiftPackageReference;
			repositoryURL = "https://github.com/Alamofire/Alamofire";
			requirement = {
				branch = master;
				kind = branch;
			};
		};
		9ADEDB622897C2A000CC5BF3 /* XCRemoteSwiftPackageReference "ActivityIndicatorView" */ = {
			isa = XCRemoteSwiftPackageReference;
			repositoryURL = "https://github.com/exyte/ActivityIndicatorView";
			requirement = {
				branch = master;
				kind = branch;
			};
		};
/* End XCRemoteSwiftPackageReference section */

/* Begin XCSwiftPackageProductDependency section */
		9A2A0419283CFA9100148686 /* Kingfisher */ = {
			isa = XCSwiftPackageProductDependency;
			package = 9A2A0418283CFA9100148686 /* XCRemoteSwiftPackageReference "Kingfisher" */;
			productName = Kingfisher;
		};
		9ABBF8C62897F04800789F8B /* Logging */ = {
			isa = XCSwiftPackageProductDependency;
			package = 9ABBF8C52897F04800789F8B /* XCRemoteSwiftPackageReference "swift-log" */;
			productName = Logging;
		};
		9ADEDB5D2897BB9E00CC5BF3 /* Alamofire */ = {
			isa = XCSwiftPackageProductDependency;
			package = 9ADEDB5C2897BB9E00CC5BF3 /* XCRemoteSwiftPackageReference "Alamofire" */;
			productName = Alamofire;
		};
		9ADEDB632897C2A000CC5BF3 /* ActivityIndicatorView */ = {
			isa = XCSwiftPackageProductDependency;
			package = 9ADEDB622897C2A000CC5BF3 /* XCRemoteSwiftPackageReference "ActivityIndicatorView" */;
			productName = ActivityIndicatorView;
		};
/* End XCSwiftPackageProductDependency section */
	};
	rootObject = 9A2A03FF283CBECD00148686 /* Project object */;
}
