// !$*UTF8*$!
{
	archiveVersion = 1;
	classes = {
	};
	objectVersion = 55;
	objects = {

/* Begin PBXBuildFile section */
		767411EFCD8771CFA760572E /* Pods_swiftui_learning.framework in Frameworks */ = {isa = PBXBuildFile; fileRef = 68D60BD23301ED337A770273 /* Pods_swiftui_learning.framework */; };
		9A2A040B283CBECD00148686 /* swiftui_learningApp.swift in Sources */ = {isa = PBXBuildFile; fileRef = 9A2A040A283CBECD00148686 /* swiftui_learningApp.swift */; };
		9A2A040D283CBECD00148686 /* ContentView.swift in Sources */ = {isa = PBXBuildFile; fileRef = 9A2A040C283CBECD00148686 /* ContentView.swift */; };
		9A2A040F283CBED000148686 /* Assets.xcassets in Resources */ = {isa = PBXBuildFile; fileRef = 9A2A040E283CBED000148686 /* Assets.xcassets */; };
		9A2A0412283CBED000148686 /* Preview Assets.xcassets in Resources */ = {isa = PBXBuildFile; fileRef = 9A2A0411283CBED000148686 /* Preview Assets.xcassets */; };
		9A2A041A283CFA9100148686 /* Kingfisher in Frameworks */ = {isa = PBXBuildFile; productRef = 9A2A0419283CFA9100148686 /* Kingfisher */; };
		9A2A041E283CFDCA00148686 /* CircleTextImage.swift in Sources */ = {isa = PBXBuildFile; fileRef = 9A2A041D283CFDCA00148686 /* CircleTextImage.swift */; };
		9A2A0421283D054200148686 /* SampleList.swift in Sources */ = {isa = PBXBuildFile; fileRef = 9A2A0420283D054200148686 /* SampleList.swift */; };
/* End PBXBuildFile section */

/* Begin PBXFileReference section */
		59955DA8A3A6210EFC84435F /* Pods-swiftui-learning.release.xcconfig */ = {isa = PBXFileReference; includeInIndex = 1; lastKnownFileType = text.xcconfig; name = "Pods-swiftui-learning.release.xcconfig"; path = "Target Support Files/Pods-swiftui-learning/Pods-swiftui-learning.release.xcconfig"; sourceTree = "<group>"; };
		68D60BD23301ED337A770273 /* Pods_swiftui_learning.framework */ = {isa = PBXFileReference; explicitFileType = wrapper.framework; includeInIndex = 0; path = Pods_swiftui_learning.framework; sourceTree = BUILT_PRODUCTS_DIR; };
		9A2A0407283CBECD00148686 /* swiftui-learning.app */ = {isa = PBXFileReference; explicitFileType = wrapper.application; includeInIndex = 0; path = "swiftui-learning.app"; sourceTree = BUILT_PRODUCTS_DIR; };
		9A2A040A283CBECD00148686 /* swiftui_learningApp.swift */ = {isa = PBXFileReference; lastKnownFileType = sourcecode.swift; path = swiftui_learningApp.swift; sourceTree = "<group>"; };
		9A2A040C283CBECD00148686 /* ContentView.swift */ = {isa = PBXFileReference; lastKnownFileType = sourcecode.swift; path = ContentView.swift; sourceTree = "<group>"; };
		9A2A040E283CBED000148686 /* Assets.xcassets */ = {isa = PBXFileReference; lastKnownFileType = folder.assetcatalog; path = Assets.xcassets; sourceTree = "<group>"; };
		9A2A0411283CBED000148686 /* Preview Assets.xcassets */ = {isa = PBXFileReference; lastKnownFileType = folder.assetcatalog; path = "Preview Assets.xcassets"; sourceTree = "<group>"; };
		9A2A041D283CFDCA00148686 /* CircleTextImage.swift */ = {isa = PBXFileReference; lastKnownFileType = sourcecode.swift; path = CircleTextImage.swift; sourceTree = "<group>"; };
		9A2A0420283D054200148686 /* SampleList.swift */ = {isa = PBXFileReference; lastKnownFileType = sourcecode.swift; path = SampleList.swift; sourceTree = "<group>"; };
		C7FB295F55644F5107E49099 /* Pods-swiftui-learning.debug.xcconfig */ = {isa = PBXFileReference; includeInIndex = 1; lastKnownFileType = text.xcconfig; name = "Pods-swiftui-learning.debug.xcconfig"; path = "Target Support Files/Pods-swiftui-learning/Pods-swiftui-learning.debug.xcconfig"; sourceTree = "<group>"; };
/* End PBXFileReference section */

/* Begin PBXFrameworksBuildPhase section */
		9A2A0404283CBECD00148686 /* Frameworks */ = {
			isa = PBXFrameworksBuildPhase;
			buildActionMask = 2147483647;
			files = (
				9A2A041A283CFA9100148686 /* Kingfisher in Frameworks */,
				767411EFCD8771CFA760572E /* Pods_swiftui_learning.framework in Frameworks */,
			);
			runOnlyForDeploymentPostprocessing = 0;
		};
/* End PBXFrameworksBuildPhase section */

/* Begin PBXGroup section */
		311ABCD68A190E70198873B4 /* Pods */ = {
			isa = PBXGroup;
			children = (
				C7FB295F55644F5107E49099 /* Pods-swiftui-learning.debug.xcconfig */,
				59955DA8A3A6210EFC84435F /* Pods-swiftui-learning.release.xcconfig */,
			);
			name = Pods;
			path = Pods;
			sourceTree = "<group>";
		};
		9A2A03FE283CBECD00148686 = {
			isa = PBXGroup;
			children = (
				9A2A0409283CBECD00148686 /* swiftui-learning */,
				9A2A0408283CBECD00148686 /* Products */,
				311ABCD68A190E70198873B4 /* Pods */,
				B81C1C350CDD18A36CA96653 /* Frameworks */,
			);
			sourceTree = "<group>";
		};
		9A2A0408283CBECD00148686 /* Products */ = {
			isa = PBXGroup;
			children = (
				9A2A0407283CBECD00148686 /* swiftui-learning.app */,
			);
			name = Products;
			sourceTree = "<group>";
		};
		9A2A0409283CBECD00148686 /* swiftui-learning */ = {
			isa = PBXGroup;
			children = (
				9A2A041F283D053500148686 /* Features */,
				9A2A041B283CFD7800148686 /* View */,
				9A2A040A283CBECD00148686 /* swiftui_learningApp.swift */,
				9A2A040C283CBECD00148686 /* ContentView.swift */,
				9A2A040E283CBED000148686 /* Assets.xcassets */,
				9A2A0410283CBED000148686 /* Preview Content */,
			);
			path = "swiftui-learning";
			sourceTree = "<group>";
		};
		9A2A0410283CBED000148686 /* Preview Content */ = {
			isa = PBXGroup;
			children = (
				9A2A0411283CBED000148686 /* Preview Assets.xcassets */,
			);
			path = "Preview Content";
			sourceTree = "<group>";
		};
		9A2A041B283CFD7800148686 /* View */ = {
			isa = PBXGroup;
			children = (
				9A2A041C283CFD7D00148686 /* Circle */,
			);
			path = View;
			sourceTree = "<group>";
		};
		9A2A041C283CFD7D00148686 /* Circle */ = {
			isa = PBXGroup;
			children = (
				9A2A041D283CFDCA00148686 /* CircleTextImage.swift */,
			);
			path = Circle;
			sourceTree = "<group>";
		};
		9A2A041F283D053500148686 /* Features */ = {
			isa = PBXGroup;
			children = (
				9A2A0420283D054200148686 /* SampleList.swift */,
			);
			path = Features;
			sourceTree = "<group>";
		};
		B81C1C350CDD18A36CA96653 /* Frameworks */ = {
			isa = PBXGroup;
			children = (
				68D60BD23301ED337A770273 /* Pods_swiftui_learning.framework */,
			);
			name = Frameworks;
			sourceTree = "<group>";
		};
/* End PBXGroup section */

/* Begin PBXNativeTarget section */
		9A2A0406283CBECD00148686 /* swiftui-learning */ = {
			isa = PBXNativeTarget;
			buildConfigurationList = 9A2A0415283CBED000148686 /* Build configuration list for PBXNativeTarget "swiftui-learning" */;
			buildPhases = (
				9E6DF3F707F0007AE91BB50C /* [CP] Check Pods Manifest.lock */,
				9A2A0403283CBECD00148686 /* Sources */,
				9A2A0404283CBECD00148686 /* Frameworks */,
				9A2A0405283CBECD00148686 /* Resources */,
			);
			buildRules = (
			);
			dependencies = (
			);
			name = "swiftui-learning";
			packageProductDependencies = (
				9A2A0419283CFA9100148686 /* Kingfisher */,
			);
			productName = "swiftui-learning";
			productReference = 9A2A0407283CBECD00148686 /* swiftui-learning.app */;
			productType = "com.apple.product-type.application";
		};
/* End PBXNativeTarget section */

/* Begin PBXProject section */
		9A2A03FF283CBECD00148686 /* Project object */ = {
			isa = PBXProject;
			attributes = {
				BuildIndependentTargetsInParallel = 1;
				LastSwiftUpdateCheck = 1330;
				LastUpgradeCheck = 1330;
				TargetAttributes = {
					9A2A0406283CBECD00148686 = {
						CreatedOnToolsVersion = 13.3.1;
					};
				};
			};
			buildConfigurationList = 9A2A0402283CBECD00148686 /* Build configuration list for PBXProject "swiftui-learning" */;
			compatibilityVersion = "Xcode 13.0";
			developmentRegion = en;
			hasScannedForEncodings = 0;
			knownRegions = (
				en,
				Base,
			);
			mainGroup = 9A2A03FE283CBECD00148686;
			packageReferences = (
				9A2A0418283CFA9100148686 /* XCRemoteSwiftPackageReference "Kingfisher.git" */,
			);
			productRefGroup = 9A2A0408283CBECD00148686 /* Products */;
			projectDirPath = "";
			projectRoot = "";
			targets = (
				9A2A0406283CBECD00148686 /* swiftui-learning */,
			);
		};
/* End PBXProject section */

/* Begin PBXResourcesBuildPhase section */
		9A2A0405283CBECD00148686 /* Resources */ = {
			isa = PBXResourcesBuildPhase;
			buildActionMask = 2147483647;
			files = (
				9A2A0412283CBED000148686 /* Preview Assets.xcassets in Resources */,
				9A2A040F283CBED000148686 /* Assets.xcassets in Resources */,
			);
			runOnlyForDeploymentPostprocessing = 0;
		};
/* End PBXResourcesBuildPhase section */

/* Begin PBXShellScriptBuildPhase section */
		9E6DF3F707F0007AE91BB50C /* [CP] Check Pods Manifest.lock */ = {
			isa = PBXShellScriptBuildPhase;
			buildActionMask = 2147483647;
			files = (
			);
			inputFileListPaths = (
			);
			inputPaths = (
				"${PODS_PODFILE_DIR_PATH}/Podfile.lock",
				"${PODS_ROOT}/Manifest.lock",
			);
			name = "[CP] Check Pods Manifest.lock";
			outputFileListPaths = (
			);
			outputPaths = (
				"$(DERIVED_FILE_DIR)/Pods-swiftui-learning-checkManifestLockResult.txt",
			);
			runOnlyForDeploymentPostprocessing = 0;
			shellPath = /bin/sh;
			shellScript = "diff \"${PODS_PODFILE_DIR_PATH}/Podfile.lock\" \"${PODS_ROOT}/Manifest.lock\" > /dev/null\nif [ $? != 0 ] ; then\n    # print error to STDERR\n    echo \"error: The sandbox is not in sync with the Podfile.lock. Run 'pod install' or update your CocoaPods installation.\" >&2\n    exit 1\nfi\n# This output is used by Xcode 'outputs' to avoid re-running this script phase.\necho \"SUCCESS\" > \"${SCRIPT_OUTPUT_FILE_0}\"\n";
			showEnvVarsInLog = 0;
		};
/* End PBXShellScriptBuildPhase section */

/* Begin PBXSourcesBuildPhase section */
		9A2A0403283CBECD00148686 /* Sources */ = {
			isa = PBXSourcesBuildPhase;
			buildActionMask = 2147483647;
			files = (
				9A2A040D283CBECD00148686 /* ContentView.swift in Sources */,
				9A2A0421283D054200148686 /* SampleList.swift in Sources */,
				9A2A040B283CBECD00148686 /* swiftui_learningApp.swift in Sources */,
				9A2A041E283CFDCA00148686 /* CircleTextImage.swift in Sources */,
			);
			runOnlyForDeploymentPostprocessing = 0;
		};
/* End PBXSourcesBuildPhase section */

/* Begin XCBuildConfiguration section */
		9A2A0413283CBED000148686 /* Debug */ = {
			isa = XCBuildConfiguration;
			buildSettings = {
				ALWAYS_SEARCH_USER_PATHS = NO;
				CLANG_ANALYZER_NONNULL = YES;
				CLANG_ANALYZER_NUMBER_OBJECT_CONVERSION = YES_AGGRESSIVE;
				CLANG_CXX_LANGUAGE_STANDARD = "gnu++17";
				CLANG_ENABLE_MODULES = YES;
				CLANG_ENABLE_OBJC_ARC = YES;
				CLANG_ENABLE_OBJC_WEAK = YES;
				CLANG_WARN_BLOCK_CAPTURE_AUTORELEASING = YES;
				CLANG_WARN_BOOL_CONVERSION = YES;
				CLANG_WARN_COMMA = YES;
				CLANG_WARN_CONSTANT_CONVERSION = YES;
				CLANG_WARN_DEPRECATED_OBJC_IMPLEMENTATIONS = YES;
				CLANG_WARN_DIRECT_OBJC_ISA_USAGE = YES_ERROR;
				CLANG_WARN_DOCUMENTATION_COMMENTS = YES;
				CLANG_WARN_EMPTY_BODY = YES;
				CLANG_WARN_ENUM_CONVERSION = YES;
				CLANG_WARN_INFINITE_RECURSION = YES;
				CLANG_WARN_INT_CONVERSION = YES;
				CLANG_WARN_NON_LITERAL_NULL_CONVERSION = YES;
				CLANG_WARN_OBJC_IMPLICIT_RETAIN_SELF = YES;
				CLANG_WARN_OBJC_LITERAL_CONVERSION = YES;
				CLANG_WARN_OBJC_ROOT_CLASS = YES_ERROR;
				CLANG_WARN_QUOTED_INCLUDE_IN_FRAMEWORK_HEADER = YES;
				CLANG_WARN_RANGE_LOOP_ANALYSIS = YES;
				CLANG_WARN_STRICT_PROTOTYPES = YES;
				CLANG_WARN_SUSPICIOUS_MOVE = YES;
				CLANG_WARN_UNGUARDED_AVAILABILITY = YES_AGGRESSIVE;
				CLANG_WARN_UNREACHABLE_CODE = YES;
				CLANG_WARN__DUPLICATE_METHOD_MATCH = YES;
				COPY_PHASE_STRIP = NO;
				DEBUG_INFORMATION_FORMAT = dwarf;
				ENABLE_STRICT_OBJC_MSGSEND = YES;
				ENABLE_TESTABILITY = YES;
				GCC_C_LANGUAGE_STANDARD = gnu11;
				GCC_DYNAMIC_NO_PIC = NO;
				GCC_NO_COMMON_BLOCKS = YES;
				GCC_OPTIMIZATION_LEVEL = 0;
				GCC_PREPROCESSOR_DEFINITIONS = (
					"DEBUG=1",
					"$(inherited)",
				);
				GCC_WARN_64_TO_32_BIT_CONVERSION = YES;
				GCC_WARN_ABOUT_RETURN_TYPE = YES_ERROR;
				GCC_WARN_UNDECLARED_SELECTOR = YES;
				GCC_WARN_UNINITIALIZED_AUTOS = YES_AGGRESSIVE;
				GCC_WARN_UNUSED_FUNCTION = YES;
				GCC_WARN_UNUSED_VARIABLE = YES;
				IPHONEOS_DEPLOYMENT_TARGET = 15.4;
				MTL_ENABLE_DEBUG_INFO = INCLUDE_SOURCE;
				MTL_FAST_MATH = YES;
				ONLY_ACTIVE_ARCH = YES;
				SDKROOT = iphoneos;
				SWIFT_ACTIVE_COMPILATION_CONDITIONS = DEBUG;
				SWIFT_OPTIMIZATION_LEVEL = "-Onone";
			};
			name = Debug;
		};
		9A2A0414283CBED000148686 /* Release */ = {
			isa = XCBuildConfiguration;
			buildSettings = {
				ALWAYS_SEARCH_USER_PATHS = NO;
				CLANG_ANALYZER_NONNULL = YES;
				CLANG_ANALYZER_NUMBER_OBJECT_CONVERSION = YES_AGGRESSIVE;
				CLANG_CXX_LANGUAGE_STANDARD = "gnu++17";
				CLANG_ENABLE_MODULES = YES;
				CLANG_ENABLE_OBJC_ARC = YES;
				CLANG_ENABLE_OBJC_WEAK = YES;
				CLANG_WARN_BLOCK_CAPTURE_AUTORELEASING = YES;
				CLANG_WARN_BOOL_CONVERSION = YES;
				CLANG_WARN_COMMA = YES;
				CLANG_WARN_CONSTANT_CONVERSION = YES;
				CLANG_WARN_DEPRECATED_OBJC_IMPLEMENTATIONS = YES;
				CLANG_WARN_DIRECT_OBJC_ISA_USAGE = YES_ERROR;
				CLANG_WARN_DOCUMENTATION_COMMENTS = YES;
				CLANG_WARN_EMPTY_BODY = YES;
				CLANG_WARN_ENUM_CONVERSION = YES;
				CLANG_WARN_INFINITE_RECURSION = YES;
				CLANG_WARN_INT_CONVERSION = YES;
				CLANG_WARN_NON_LITERAL_NULL_CONVERSION = YES;
				CLANG_WARN_OBJC_IMPLICIT_RETAIN_SELF = YES;
				CLANG_WARN_OBJC_LITERAL_CONVERSION = YES;
				CLANG_WARN_OBJC_ROOT_CLASS = YES_ERROR;
				CLANG_WARN_QUOTED_INCLUDE_IN_FRAMEWORK_HEADER = YES;
				CLANG_WARN_RANGE_LOOP_ANALYSIS = YES;
				CLANG_WARN_STRICT_PROTOTYPES = YES;
				CLANG_WARN_SUSPICIOUS_MOVE = YES;
				CLANG_WARN_UNGUARDED_AVAILABILITY = YES_AGGRESSIVE;
				CLANG_WARN_UNREACHABLE_CODE = YES;
				CLANG_WARN__DUPLICATE_METHOD_MATCH = YES;
				COPY_PHASE_STRIP = NO;
				DEBUG_INFORMATION_FORMAT = "dwarf-with-dsym";
				ENABLE_NS_ASSERTIONS = NO;
				ENABLE_STRICT_OBJC_MSGSEND = YES;
				GCC_C_LANGUAGE_STANDARD = gnu11;
				GCC_NO_COMMON_BLOCKS = YES;
				GCC_WARN_64_TO_32_BIT_CONVERSION = YES;
				GCC_WARN_ABOUT_RETURN_TYPE = YES_ERROR;
				GCC_WARN_UNDECLARED_SELECTOR = YES;
				GCC_WARN_UNINITIALIZED_AUTOS = YES_AGGRESSIVE;
				GCC_WARN_UNUSED_FUNCTION = YES;
				GCC_WARN_UNUSED_VARIABLE = YES;
				IPHONEOS_DEPLOYMENT_TARGET = 15.4;
				MTL_ENABLE_DEBUG_INFO = NO;
				MTL_FAST_MATH = YES;
				SDKROOT = iphoneos;
				SWIFT_COMPILATION_MODE = wholemodule;
				SWIFT_OPTIMIZATION_LEVEL = "-O";
				VALIDATE_PRODUCT = YES;
			};
			name = Release;
		};
		9A2A0416283CBED000148686 /* Debug */ = {
			isa = XCBuildConfiguration;
			baseConfigurationReference = C7FB295F55644F5107E49099 /* Pods-swiftui-learning.debug.xcconfig */;
			buildSettings = {
				ASSETCATALOG_COMPILER_APPICON_NAME = AppIcon;
				ASSETCATALOG_COMPILER_GLOBAL_ACCENT_COLOR_NAME = AccentColor;
				CODE_SIGN_STYLE = Automatic;
				CURRENT_PROJECT_VERSION = 1;
				DEVELOPMENT_ASSET_PATHS = "\"swiftui-learning/Preview Content\"";
				ENABLE_PREVIEWS = YES;
				GENERATE_INFOPLIST_FILE = YES;
				INFOPLIST_KEY_UIApplicationSceneManifest_Generation = YES;
				INFOPLIST_KEY_UIApplicationSupportsIndirectInputEvents = YES;
				INFOPLIST_KEY_UILaunchScreen_Generation = YES;
				INFOPLIST_KEY_UISupportedInterfaceOrientations_iPad = "UIInterfaceOrientationPortrait UIInterfaceOrientationPortraitUpsideDown UIInterfaceOrientationLandscapeLeft UIInterfaceOrientationLandscapeRight";
				INFOPLIST_KEY_UISupportedInterfaceOrientations_iPhone = "UIInterfaceOrientationPortrait UIInterfaceOrientationLandscapeLeft UIInterfaceOrientationLandscapeRight";
				LD_RUNPATH_SEARCH_PATHS = (
					"$(inherited)",
					"@executable_path/Frameworks",
				);
				MARKETING_VERSION = 1.0;
				PRODUCT_BUNDLE_IDENTIFIER = "com.tugrulhan.swiftui-learning";
				PRODUCT_NAME = "$(TARGET_NAME)";
				SWIFT_EMIT_LOC_STRINGS = YES;
				SWIFT_VERSION = 5.0;
				TARGETED_DEVICE_FAMILY = "1,2";
			};
			name = Debug;
		};
		9A2A0417283CBED000148686 /* Release */ = {
			isa = XCBuildConfiguration;
			baseConfigurationReference = 59955DA8A3A6210EFC84435F /* Pods-swiftui-learning.release.xcconfig */;
			buildSettings = {
				ASSETCATALOG_COMPILER_APPICON_NAME = AppIcon;
				ASSETCATALOG_COMPILER_GLOBAL_ACCENT_COLOR_NAME = AccentColor;
				CODE_SIGN_STYLE = Automatic;
				CURRENT_PROJECT_VERSION = 1;
				DEVELOPMENT_ASSET_PATHS = "\"swiftui-learning/Preview Content\"";
				ENABLE_PREVIEWS = YES;
				GENERATE_INFOPLIST_FILE = YES;
				INFOPLIST_KEY_UIApplicationSceneManifest_Generation = YES;
				INFOPLIST_KEY_UIApplicationSupportsIndirectInputEvents = YES;
				INFOPLIST_KEY_UILaunchScreen_Generation = YES;
				INFOPLIST_KEY_UISupportedInterfaceOrientations_iPad = "UIInterfaceOrientationPortrait UIInterfaceOrientationPortraitUpsideDown UIInterfaceOrientationLandscapeLeft UIInterfaceOrientationLandscapeRight";
				INFOPLIST_KEY_UISupportedInterfaceOrientations_iPhone = "UIInterfaceOrientationPortrait UIInterfaceOrientationLandscapeLeft UIInterfaceOrientationLandscapeRight";
				LD_RUNPATH_SEARCH_PATHS = (
					"$(inherited)",
					"@executable_path/Frameworks",
				);
				MARKETING_VERSION = 1.0;
				PRODUCT_BUNDLE_IDENTIFIER = "com.tugrulhan.swiftui-learning";
				PRODUCT_NAME = "$(TARGET_NAME)";
				SWIFT_EMIT_LOC_STRINGS = YES;
				SWIFT_VERSION = 5.0;
				TARGETED_DEVICE_FAMILY = "1,2";
			};
			name = Release;
		};
/* End XCBuildConfiguration section */

/* Begin XCConfigurationList section */
		9A2A0402283CBECD00148686 /* Build configuration list for PBXProject "swiftui-learning" */ = {
			isa = XCConfigurationList;
			buildConfigurations = (
				9A2A0413283CBED000148686 /* Debug */,
				9A2A0414283CBED000148686 /* Release */,
			);
			defaultConfigurationIsVisible = 0;
			defaultConfigurationName = Release;
		};
		9A2A0415283CBED000148686 /* Build configuration list for PBXNativeTarget "swiftui-learning" */ = {
			isa = XCConfigurationList;
			buildConfigurations = (
				9A2A0416283CBED000148686 /* Debug */,
				9A2A0417283CBED000148686 /* Release */,
			);
			defaultConfigurationIsVisible = 0;
			defaultConfigurationName = Release;
		};
/* End XCConfigurationList section */

/* Begin XCRemoteSwiftPackageReference section */
		9A2A0418283CFA9100148686 /* XCRemoteSwiftPackageReference "Kingfisher.git" */ = {
			isa = XCRemoteSwiftPackageReference;
			repositoryURL = "https://github.com/onevcat/Kingfisher.git";
			requirement = {
				kind = upToNextMajorVersion;
				minimumVersion = 7.0.0;
			};
		};
/* End XCRemoteSwiftPackageReference section */

/* Begin XCSwiftPackageProductDependency section */
		9A2A0419283CFA9100148686 /* Kingfisher */ = {
			isa = XCSwiftPackageProductDependency;
			package = 9A2A0418283CFA9100148686 /* XCRemoteSwiftPackageReference "Kingfisher.git" */;
			productName = Kingfisher;
		};
/* End XCSwiftPackageProductDependency section */
	};
	rootObject = 9A2A03FF283CBECD00148686 /* Project object */;
}
